
Microsoft Visual Studio Solution File, Format Version 12.00
# Visual Studio 14
VisualStudioVersion = 14.0.25420.1
MinimumVisualStudioVersion = 10.0.40219.1
Project("{FAE04EC0-301F-11D3-BF4B-00C04F79EFBC}") = "DjvuNet", "DjvuNet\DjvuNet.csproj", "{E681B178-E5F8-4782-89C8-F32720B1464A}"
EndProject
Project("{FAE04EC0-301F-11D3-BF4B-00C04F79EFBC}") = "DjvuNetTest", "DjvuNetTest\DjvuNetTest.csproj", "{192F4E63-6ED7-410F-A372-0B54C6CDF987}"
EndProject
Project("{FAE04EC0-301F-11D3-BF4B-00C04F79EFBC}") = "DjvuNet.Tests", "DjvuNet.Tests\DjvuNet.Tests.csproj", "{F7DDB3F7-F251-4B2E-AEEC-810118877E6F}"
EndProject
Project("{2150E333-8FDC-42A3-9474-1A3956D46DE8}") = "artifacts", "artifacts", "{DA12BDB9-14EE-4DE9-96E8-7C679660A1C0}"
	ProjectSection(SolutionItems) = preProject
		artifacts\Mcguffey's_Primer.djvu = artifacts\Mcguffey's_Primer.djvu
		artifacts\test002.djvu = artifacts\test002.djvu
		artifacts\test003.djvu = artifacts\test003.djvu
		artifacts\test004.djvu = artifacts\test004.djvu
		artifacts\test005.djvu = artifacts\test005.djvu
		artifacts\test006.djvu = artifacts\test006.djvu
		artifacts\test007.djvu = artifacts\test007.djvu
		artifacts\test008.djvu = artifacts\test008.djvu
		artifacts\test009.djvu = artifacts\test009.djvu
		artifacts\test010.djvu = artifacts\test010.djvu
	EndProjectSection
EndProject
Global
	GlobalSection(SolutionConfigurationPlatforms) = preSolution
		Debug|Any CPU = Debug|Any CPU
		Release|Any CPU = Release|Any CPU
	EndGlobalSection
	GlobalSection(ProjectConfigurationPlatforms) = postSolution
		{E681B178-E5F8-4782-89C8-F32720B1464A}.Debug|Any CPU.ActiveCfg = Debug|Any CPU
		{E681B178-E5F8-4782-89C8-F32720B1464A}.Debug|Any CPU.Build.0 = Debug|Any CPU
		{E681B178-E5F8-4782-89C8-F32720B1464A}.Release|Any CPU.ActiveCfg = Release|Any CPU
		{E681B178-E5F8-4782-89C8-F32720B1464A}.Release|Any CPU.Build.0 = Release|Any CPU
		{192F4E63-6ED7-410F-A372-0B54C6CDF987}.Debug|Any CPU.ActiveCfg = Debug|Any CPU
		{192F4E63-6ED7-410F-A372-0B54C6CDF987}.Debug|Any CPU.Build.0 = Debug|Any CPU
		{192F4E63-6ED7-410F-A372-0B54C6CDF987}.Release|Any CPU.ActiveCfg = Release|Any CPU
		{192F4E63-6ED7-410F-A372-0B54C6CDF987}.Release|Any CPU.Build.0 = Release|Any CPU
		{F7DDB3F7-F251-4B2E-AEEC-810118877E6F}.Debug|Any CPU.ActiveCfg = Debug|Any CPU
		{F7DDB3F7-F251-4B2E-AEEC-810118877E6F}.Debug|Any CPU.Build.0 = Debug|Any CPU
		{F7DDB3F7-F251-4B2E-AEEC-810118877E6F}.Release|Any CPU.ActiveCfg = Release|Any CPU
		{F7DDB3F7-F251-4B2E-AEEC-810118877E6F}.Release|Any CPU.Build.0 = Release|Any CPU
	EndGlobalSection
	GlobalSection(SolutionProperties) = preSolution
		HideSolutionNode = FALSE
	EndGlobalSection
EndGlobal
