
Microsoft Visual Studio Solution File, Format Version 12.00
# Visual Studio 15
VisualStudioVersion = 15.0.26906.1
MinimumVisualStudioVersion = 10.0.40219.1
Project("{2150E333-8FDC-42A3-9474-1A3956D46DE8}") = "artifacts", "artifacts", "{DA12BDB9-14EE-4DE9-96E8-7C679660A1C0}"
	ProjectSection(SolutionItems) = preProject
		artifacts\.gitignore = artifacts\.gitignore
		artifacts\ErrorFiles.json = artifacts\ErrorFiles.json
		artifacts\test001C.djvu = artifacts\test001C.djvu
		artifacts\test001C.json = artifacts\test001C.json
		artifacts\test002C.djvu = artifacts\test002C.djvu
		artifacts\test002C.json = artifacts\test002C.json
		artifacts\test003C.djvu = artifacts\test003C.djvu
		artifacts\test003C.json = artifacts\test003C.json
		artifacts\test004C.djvu = artifacts\test004C.djvu
		artifacts\test004C.json = artifacts\test004C.json
		artifacts\test005C.djvu = artifacts\test005C.djvu
		artifacts\test005C.json = artifacts\test005C.json
		artifacts\test006C.djvu = artifacts\test006C.djvu
		artifacts\test006C.json = artifacts\test006C.json
		artifacts\test007C.djvu = artifacts\test007C.djvu
		artifacts\test007C.json = artifacts\test007C.json
		artifacts\test008C.djvu = artifacts\test008C.djvu
		artifacts\test008C.json = artifacts\test008C.json
		artifacts\test009C.djvu = artifacts\test009C.djvu
		artifacts\test009C.json = artifacts\test009C.json
		artifacts\test010C.djvu = artifacts\test010C.djvu
		artifacts\test010C.json = artifacts\test010C.json
		artifacts\test011C.djvu = artifacts\test011C.djvu
		artifacts\test011C.json = artifacts\test011C.json
		artifacts\test012C.djvu = artifacts\test012C.djvu
		artifacts\test012C.json = artifacts\test012C.json
		artifacts\test013C.djvu = artifacts\test013C.djvu
		artifacts\test013C.json = artifacts\test013C.json
		artifacts\test014C.djvu = artifacts\test014C.djvu
		artifacts\test014C.json = artifacts\test014C.json
		artifacts\test015C.djvu = artifacts\test015C.djvu
		artifacts\test015C.json = artifacts\test015C.json
		artifacts\test016C.djvu = artifacts\test016C.djvu
		artifacts\test016C.json = artifacts\test016C.json
		artifacts\test017C.djvu = artifacts\test017C.djvu
		artifacts\test017C.json = artifacts\test017C.json
		artifacts\test018C.djvu = artifacts\test018C.djvu
		artifacts\test018C.json = artifacts\test018C.json
		artifacts\test019C.djvu = artifacts\test019C.djvu
		artifacts\test019C.json = artifacts\test019C.json
		artifacts\test020C.djvu = artifacts\test020C.djvu
		artifacts\test020C.json = artifacts\test020C.json
		artifacts\test021C.djvu = artifacts\test021C.djvu
		artifacts\test021C.json = artifacts\test021C.json
		artifacts\test022C.djvu = artifacts\test022C.djvu
		artifacts\test022C.json = artifacts\test022C.json
		artifacts\test023C.djvu = artifacts\test023C.djvu
		artifacts\test023C.json = artifacts\test023C.json
		artifacts\test024C.djvu = artifacts\test024C.djvu
		artifacts\test024C.json = artifacts\test024C.json
		artifacts\test025C.djvu = artifacts\test025C.djvu
		artifacts\test025C.json = artifacts\test025C.json
		artifacts\test026C.djvu = artifacts\test026C.djvu
		artifacts\test026C.json = artifacts\test026C.json
		artifacts\test027C.djvu = artifacts\test027C.djvu
		artifacts\test027C.json = artifacts\test027C.json
		artifacts\test028C.djvu = artifacts\test028C.djvu
		artifacts\test028C.json = artifacts\test028C.json
		artifacts\test029C.djvu = artifacts\test029C.djvu
		artifacts\test029C.json = artifacts\test029C.json
		artifacts\test030C.djvu = artifacts\test030C.djvu
		artifacts\test030C.json = artifacts\test030C.json
		artifacts\test031C.djvu = artifacts\test031C.djvu
		artifacts\test031C.json = artifacts\test031C.json
		artifacts\test032C.djvu = artifacts\test032C.djvu
		artifacts\test032C.json = artifacts\test032C.json
		artifacts\test033C.djvu = artifacts\test033C.djvu
		artifacts\test033C.json = artifacts\test033C.json
		artifacts\test034C.djvu = artifacts\test034C.djvu
		artifacts\test034C.json = artifacts\test034C.json
		artifacts\test035C.djvu = artifacts\test035C.djvu
		artifacts\test035C.json = artifacts\test035C.json
		artifacts\test036C.djvu = artifacts\test036C.djvu
		artifacts\test036C.json = artifacts\test036C.json
		artifacts\test037C.djvu = artifacts\test037C.djvu
		artifacts\test037C.json = artifacts\test037C.json
		artifacts\test038C.djvu = artifacts\test038C.djvu
		artifacts\test038C.json = artifacts\test038C.json
		artifacts\test039C.djvu = artifacts\test039C.djvu
		artifacts\test039C.json = artifacts\test039C.json
		artifacts\test040C.djvu = artifacts\test040C.djvu
		artifacts\test040C.json = artifacts\test040C.json
		artifacts\test041C.djvu = artifacts\test041C.djvu
		artifacts\test041C.json = artifacts\test041C.json
		artifacts\test042C.djvu = artifacts\test042C.djvu
		artifacts\test042C.json = artifacts\test042C.json
		artifacts\test043C.djvu = artifacts\test043C.djvu
		artifacts\test043C.json = artifacts\test043C.json
		artifacts\test044C.djvu = artifacts\test044C.djvu
		artifacts\test044C.json = artifacts\test044C.json
		artifacts\test045C.djvu = artifacts\test045C.djvu
		artifacts\test045C.json = artifacts\test045C.json
		artifacts\test046C.djvu = artifacts\test046C.djvu
		artifacts\test046C.json = artifacts\test046C.json
		artifacts\test047C.djvu = artifacts\test047C.djvu
		artifacts\test047C.json = artifacts\test047C.json
		artifacts\test048C.djvu = artifacts\test048C.djvu
		artifacts\test048C.json = artifacts\test048C.json
		artifacts\test049C.djvu = artifacts\test049C.djvu
		artifacts\test049C.json = artifacts\test049C.json
		artifacts\test050C.djvu = artifacts\test050C.djvu
		artifacts\test050C.json = artifacts\test050C.json
		artifacts\test051C.djvu = artifacts\test051C.djvu
		artifacts\test051C.json = artifacts\test051C.json
		artifacts\test052C.djvu = artifacts\test052C.djvu
		artifacts\test052C.json = artifacts\test052C.json
		artifacts\test053C.djvu = artifacts\test053C.djvu
		artifacts\test053C.json = artifacts\test053C.json
		artifacts\test054C.djvu = artifacts\test054C.djvu
		artifacts\test054C.json = artifacts\test054C.json
		artifacts\test055C.djvu = artifacts\test055C.djvu
		artifacts\test055C.json = artifacts\test055C.json
		artifacts\test056C.djvu = artifacts\test056C.djvu
		artifacts\test056C.json = artifacts\test056C.json
		artifacts\test057C.djvu = artifacts\test057C.djvu
		artifacts\test057C.json = artifacts\test057C.json
		artifacts\test058C.djvu = artifacts\test058C.djvu
		artifacts\test058C.json = artifacts\test058C.json
		artifacts\test059C.djvu = artifacts\test059C.djvu
		artifacts\test059C.json = artifacts\test059C.json
		artifacts\test060C.djvu = artifacts\test060C.djvu
		artifacts\test060C.json = artifacts\test060C.json
		artifacts\test061C.djvu = artifacts\test061C.djvu
		artifacts\test061C.json = artifacts\test061C.json
		artifacts\test062C.djvu = artifacts\test062C.djvu
		artifacts\test062C.json = artifacts\test062C.json
		artifacts\test063C.djvu = artifacts\test063C.djvu
		artifacts\test063C.json = artifacts\test063C.json
		artifacts\test064C.djvu = artifacts\test064C.djvu
		artifacts\test064C.json = artifacts\test064C.json
		artifacts\test065C.djvu = artifacts\test065C.djvu
		artifacts\test065C.json = artifacts\test065C.json
		artifacts\test066C.djvu = artifacts\test066C.djvu
		artifacts\test066C.json = artifacts\test066C.json
		artifacts\test067C.djvu = artifacts\test067C.djvu
		artifacts\test067C.json = artifacts\test067C.json
		artifacts\test068C.djvu = artifacts\test068C.djvu
		artifacts\test068C.json = artifacts\test068C.json
		artifacts\test069C.djvu = artifacts\test069C.djvu
		artifacts\test069C.json = artifacts\test069C.json
		artifacts\test070C.djvu = artifacts\test070C.djvu
		artifacts\test070C.json = artifacts\test070C.json
		artifacts\test071C.djvu = artifacts\test071C.djvu
		artifacts\test071C.json = artifacts\test071C.json
		artifacts\test072C.djvu = artifacts\test072C.djvu
		artifacts\test072C.json = artifacts\test072C.json
		artifacts\test073C.djvu = artifacts\test073C.djvu
		artifacts\test073C.json = artifacts\test073C.json
		artifacts\test074C.djvu = artifacts\test074C.djvu
		artifacts\test074C.json = artifacts\test074C.json
		artifacts\test075C.djvu = artifacts\test075C.djvu
		artifacts\test075C.json = artifacts\test075C.json
		artifacts\test076C.djvu = artifacts\test076C.djvu
		artifacts\test076C.json = artifacts\test076C.json
		artifacts\test077C.djvu = artifacts\test077C.djvu
		artifacts\test077C.json = artifacts\test077C.json
		artifacts\testE001.djvu = artifacts\testE001.djvu
		artifacts\testE001.json = artifacts\testE001.json
		artifacts\testE002.djvu = artifacts\testE002.djvu
		artifacts\testE002.json = artifacts\testE002.json
		artifacts\testE003.djvu = artifacts\testE003.djvu
		artifacts\testE003.json = artifacts\testE003.json
		artifacts\testE004.djvu = artifacts\testE004.djvu
		artifacts\testE004.json = artifacts\testE004.json
		artifacts\testE005.djvu = artifacts\testE005.djvu
		artifacts\testE005.json = artifacts\testE005.json
		artifacts\testE006.djvu = artifacts\testE006.djvu
		artifacts\testE006.json = artifacts\testE006.json
		artifacts\testE007.djvu = artifacts\testE007.djvu
		artifacts\testE007.json = artifacts\testE007.json
		artifacts\testE008.djvu = artifacts\testE008.djvu
		artifacts\testE008.json = artifacts\testE008.json
		artifacts\testE009.djvu = artifacts\testE009.djvu
		artifacts\testE010.djvu = artifacts\testE010.djvu
		artifacts\testE011.djvu = artifacts\testE011.djvu
		artifacts\testE012.djvu = artifacts\testE012.djvu
	EndProjectSection
EndProject
Project("{2150E333-8FDC-42A3-9474-1A3956D46DE8}") = "Specs", "Specs", "{0E66E677-173D-4071-8615-2F0D69E97EFA}"
	ProjectSection(SolutionItems) = preProject
		Specs\1998_compression.djvu = Specs\1998_compression.djvu
		Specs\1998_lossy_masked.djvu = Specs\1998_lossy_masked.djvu
		Specs\1998_zcoder.djvu = Specs\1998_zcoder.djvu
		Specs\2000_compression_system.djvu = Specs\2000_compression_system.djvu
		Specs\2001_compression_overview.djvu = Specs\2001_compression_overview.djvu
		Specs\2001_doc_browsing.djvu = Specs\2001_doc_browsing.djvu
		Specs\2001_efficient_compression.djvu = Specs\2001_efficient_compression.djvu
		Specs\2002_electronic_publishing.djvu = Specs\2002_electronic_publishing.djvu
		Specs\2002_segmentation_scheme.djvu = Specs\2002_segmentation_scheme.djvu
		Specs\DjVu3Spec.djvu = Specs\DjVu3Spec.djvu
		Specs\DjVu3Spec.pdf = Specs\DjVu3Spec.pdf
		Specs\DjVu_Tech_Primer.djvu = Specs\DjVu_Tech_Primer.djvu
		Specs\Efficient search in hidden text of large DjVu documents - updated version, Janusz S. Bień, in Advanced Language Technologies for Digital Libraries, eds. Bernardi et al, Springer 2011.pdf = Specs\Efficient search in hidden text of large DjVu documents - updated version, Janusz S. Bień, in Advanced Language Technologies for Digital Libraries, eds. Bernardi et al, Springer 2011.pdf
		Specs\Une famille d'ondelettes biorthogonales sur l'intervalle obtenue par un schéma d'interpolation itérative, G. Deslauriers, S. Dubuc et D. Lemire, Ann Sci Math Quebec, Vol 23, 1999.pdf = Specs\Une famille d'ondelettes biorthogonales sur l'intervalle obtenue par un schéma d'interpolation itérative, G. Deslauriers, S. Dubuc et D. Lemire, Ann Sci Math Quebec, Vol 23, 1999.pdf
		Specs\Variational decompression of image data from DjVu encoded files, Martin Holler and Kamil S. Kazimierski, 2016.pdf = Specs\Variational decompression of image data from DjVu encoded files, Martin Holler and Kamil S. Kazimierski, 2016.pdf
	EndProjectSection
EndProject
Project("{2150E333-8FDC-42A3-9474-1A3956D46DE8}") = "Templates", "Templates", "{79CE4EAD-3414-4E10-B9B0-F0BF675DF9D6}"
	ProjectSection(SolutionItems) = preProject
		Templates\AssemblyInfoCommon.Template.cs = Templates\AssemblyInfoCommon.Template.cs
		Templates\UtilRoot.Template.cs = Templates\UtilRoot.Template.cs
	EndProjectSection
EndProject
Project("{2150E333-8FDC-42A3-9474-1A3956D46DE8}") = "Tools", "Tools", "{7DD5F8A4-BD76-4DEA-B632-3EE41FC3D493}"
	ProjectSection(SolutionItems) = preProject
		Tools\7z.exe = Tools\7z.exe
		Tools\DjvuNet.Git.Tasks.dll = Tools\DjvuNet.Git.Tasks.dll
		Tools\DjvuNet.Git.Tasks.pdb = Tools\DjvuNet.Git.Tasks.pdb
		Tools\libgit2-1196807.dylib = Tools\libgit2-1196807.dylib
		Tools\libgit2-1196807.so = Tools\libgit2-1196807.so
		Tools\LibGit2Sharp.dll = Tools\LibGit2Sharp.dll
		Tools\LibGit2Sharp.dll.config = Tools\LibGit2Sharp.dll.config
		Tools\Microsoft.Build.Framework.dll = Tools\Microsoft.Build.Framework.dll
		Tools\Microsoft.Build.Tasks.Core.dll = Tools\Microsoft.Build.Tasks.Core.dll
		Tools\Microsoft.Build.Utilities.Core.dll = Tools\Microsoft.Build.Utilities.Core.dll
		Tools\NuGet.config = Tools\NuGet.config
		Tools\nuget.exe = Tools\nuget.exe
		Tools\System.Threading.Thread.dll = Tools\System.Threading.Thread.dll
	EndProjectSection
EndProject
Project("{D954291E-2A0B-460D-934E-DC6B0785DB48}") = "DjvuNet.Shared.Tests", "DjvuNet.Shared.Tests\DjvuNet.Shared.Tests.shproj", "{B7EF5575-5932-4EA7-B250-E7DA238D60A9}"
EndProject
Project("{2150E333-8FDC-42A3-9474-1A3956D46DE8}") = "RepoRoot", "RepoRoot", "{508EA7BC-4576-4C24-877B-7D7EE4369DA0}"
	ProjectSection(SolutionItems) = preProject
		.appveyor.yml = .appveyor.yml
		.gitattributes = .gitattributes
		.gitignore = .gitignore
		.travis.yml = .travis.yml
		artifacts.sha256 = artifacts.sha256
		BUILD.bat = BUILD.bat
		build.sh = build.sh
		DjvuNet.Tests.runsettings = DjvuNet.Tests.runsettings
		DjvuNetBuild.Core.props = DjvuNetBuild.Core.props
		DjvuNetBuild.Core.targets = DjvuNetBuild.Core.targets
		DjvuNetBuild.props = DjvuNetBuild.props
		DjvuNetBuild.targets = DjvuNetBuild.targets
		library.version = library.version
		..\LICENSE.md = ..\LICENSE.md
		NuGet.config = NuGet.config
		README.md = README.md
		Snk.snk = Snk.snk
	EndProjectSection
EndProject
Project("{F5034706-568F-408A-B7B3-4D38C6DB8A32}") = "DjvuNet.Build", "DjvuNet.Build\DjvuNet.Build.pssproj", "{6CAFC0C6-A428-4D30-A9F9-700E829FEA51}"
EndProject
Project("{D954291E-2A0B-460D-934E-DC6B0785DB48}") = "DjvuNet.Shared", "DjvuNet.Shared\DjvuNet.Shared.shproj", "{61B8CB33-F13A-4309-A137-895017B28E31}"
EndProject
Project("{8BC9CEB8-8B4A-11D0-8D11-00A0C91BC942}") = "libdjvulibre", "DjVuLibre\win32\djvulibre\libdjvulibre\libdjvulibre.vcxproj", "{AAA67337-AABD-4D04-A3CC-0A7F341F216C}"
EndProject
Project("{2150E333-8FDC-42A3-9474-1A3956D46DE8}") = "deps", "deps", "{022088E2-265A-4E81-AFC5-BAEC4F7E4CE6}"
EndProject
Project("{2150E333-8FDC-42A3-9474-1A3956D46DE8}") = "x86", "x86", "{24379D70-5866-45DA-9DF1-E1182F3C8D64}"
EndProject
Project("{2150E333-8FDC-42A3-9474-1A3956D46DE8}") = "x64", "x64", "{D69E081C-83D4-4A0F-8667-E10AAF614902}"
EndProject
Project("{2150E333-8FDC-42A3-9474-1A3956D46DE8}") = "include", "include", "{FB072A68-F276-4CAC-9FE2-9BFA99A509FE}"
	ProjectSection(SolutionItems) = preProject
		deps\x86\include\jconfig.h = deps\x86\include\jconfig.h
		deps\x86\include\jerror.h = deps\x86\include\jerror.h
		deps\x86\include\jmorecfg.h = deps\x86\include\jmorecfg.h
		deps\x86\include\jpeglib.h = deps\x86\include\jpeglib.h
		deps\x86\include\tiff.h = deps\x86\include\tiff.h
		deps\x86\include\tiffconf.h = deps\x86\include\tiffconf.h
		deps\x86\include\tiffio.h = deps\x86\include\tiffio.h
		deps\x86\include\tiffio.hxx = deps\x86\include\tiffio.hxx
		deps\x86\include\tiffvers.h = deps\x86\include\tiffvers.h
		deps\x86\include\turbojpeg.h = deps\x86\include\turbojpeg.h
		deps\x86\include\zlib.h = deps\x86\include\zlib.h
	EndProjectSection
EndProject
Project("{2150E333-8FDC-42A3-9474-1A3956D46DE8}") = "Debug", "Debug", "{61D3B80C-4A7B-4C27-870B-A893443ACA39}"
	ProjectSection(SolutionItems) = preProject
		deps\x86\Debug\jpeg.lib = deps\x86\Debug\jpeg.lib
		deps\x86\Debug\jpeg.pdb = deps\x86\Debug\jpeg.pdb
		deps\x86\Debug\jpeg62.dll = deps\x86\Debug\jpeg62.dll
		deps\x86\Debug\tiffd.dll = deps\x86\Debug\tiffd.dll
		deps\x86\Debug\tiffd.lib = deps\x86\Debug\tiffd.lib
		deps\x86\Debug\tiffd.pdb = deps\x86\Debug\tiffd.pdb
		deps\x86\Debug\zlibd.lib = deps\x86\Debug\zlibd.lib
		deps\x86\Debug\zlibd.pdb = deps\x86\Debug\zlibd.pdb
		deps\x86\Debug\zlibd1.dll = deps\x86\Debug\zlibd1.dll
	EndProjectSection
EndProject
Project("{2150E333-8FDC-42A3-9474-1A3956D46DE8}") = "Release", "Release", "{8597CB2A-5ED0-4B9E-B86A-16A4795C5146}"
	ProjectSection(SolutionItems) = preProject
		deps\x86\Release\jpeg.lib = deps\x86\Release\jpeg.lib
		deps\x86\Release\jpeg.pdb = deps\x86\Release\jpeg.pdb
		deps\x86\Release\jpeg62.dll = deps\x86\Release\jpeg62.dll
		deps\x86\Release\tiff.dll = deps\x86\Release\tiff.dll
		deps\x86\Release\tiff.lib = deps\x86\Release\tiff.lib
		deps\x86\Release\tiff.pdb = deps\x86\Release\tiff.pdb
		deps\x86\Release\zlib.lib = deps\x86\Release\zlib.lib
		deps\x86\Release\zlib.pdb = deps\x86\Release\zlib.pdb
		deps\x86\Release\zlib1.dll = deps\x86\Release\zlib1.dll
	EndProjectSection
EndProject
Project("{2150E333-8FDC-42A3-9474-1A3956D46DE8}") = "include", "include", "{C1AEB7FA-E6F9-465F-8189-00EF56D72C6E}"
	ProjectSection(SolutionItems) = preProject
		deps\x64\include\jconfig.h = deps\x64\include\jconfig.h
		deps\x64\include\jerror.h = deps\x64\include\jerror.h
		deps\x64\include\jmorecfg.h = deps\x64\include\jmorecfg.h
		deps\x64\include\jpeglib.h = deps\x64\include\jpeglib.h
		deps\x64\include\tiff.h = deps\x64\include\tiff.h
		deps\x64\include\tiffconf.h = deps\x64\include\tiffconf.h
		deps\x64\include\tiffio.h = deps\x64\include\tiffio.h
		deps\x64\include\tiffio.hxx = deps\x64\include\tiffio.hxx
		deps\x64\include\tiffvers.h = deps\x64\include\tiffvers.h
		deps\x64\include\turbojpeg.h = deps\x64\include\turbojpeg.h
		deps\x64\include\zlib.h = deps\x64\include\zlib.h
	EndProjectSection
EndProject
Project("{2150E333-8FDC-42A3-9474-1A3956D46DE8}") = "Release", "Release", "{C20C859D-FADB-4380-8107-89FE6D8F1CFD}"
	ProjectSection(SolutionItems) = preProject
		deps\x64\Release\jpeg.lib = deps\x64\Release\jpeg.lib
		deps\x64\Release\jpeg.pdb = deps\x64\Release\jpeg.pdb
		deps\x64\Release\jpeg62.dll = deps\x64\Release\jpeg62.dll
		deps\x64\Release\tiff.dll = deps\x64\Release\tiff.dll
		deps\x64\Release\tiff.lib = deps\x64\Release\tiff.lib
		deps\x64\Release\tiff.pdb = deps\x64\Release\tiff.pdb
		deps\x64\Release\zlib.lib = deps\x64\Release\zlib.lib
		deps\x64\Release\zlib.pdb = deps\x64\Release\zlib.pdb
		deps\x64\Release\zlib1.dll = deps\x64\Release\zlib1.dll
	EndProjectSection
EndProject
Project("{2150E333-8FDC-42A3-9474-1A3956D46DE8}") = "Debug", "Debug", "{D8B6CB0B-9D06-429E-B902-F1C70925E3AD}"
	ProjectSection(SolutionItems) = preProject
		deps\x64\Debug\jpeg.lib = deps\x64\Debug\jpeg.lib
		deps\x64\Debug\jpeg.pdb = deps\x64\Debug\jpeg.pdb
		deps\x64\Debug\jpeg62.dll = deps\x64\Debug\jpeg62.dll
		deps\x64\Debug\tiffd.dll = deps\x64\Debug\tiffd.dll
		deps\x64\Debug\tiffd.lib = deps\x64\Debug\tiffd.lib
		deps\x64\Debug\tiffd.pdb = deps\x64\Debug\tiffd.pdb
		deps\x64\Debug\zlibd.lib = deps\x64\Debug\zlibd.lib
		deps\x64\Debug\zlibd.pdb = deps\x64\Debug\zlibd.pdb
		deps\x64\Debug\zlibd1.dll = deps\x64\Debug\zlibd1.dll
	EndProjectSection
EndProject
Project("{2150E333-8FDC-42A3-9474-1A3956D46DE8}") = "static", "static", "{847DB819-B1AD-435D-B460-73E06303C477}"
	ProjectSection(SolutionItems) = preProject
		deps\x86\Debug\static\jpeg-static.pdb = deps\x86\Debug\static\jpeg-static.pdb
		deps\x86\Debug\static\jpeg.lib = deps\x86\Debug\static\jpeg.lib
		deps\x86\Debug\static\tiff.lib = deps\x86\Debug\static\tiff.lib
		deps\x86\Debug\static\zlib.lib = deps\x86\Debug\static\zlib.lib
	EndProjectSection
EndProject
Project("{2150E333-8FDC-42A3-9474-1A3956D46DE8}") = "static", "static", "{35A32C1F-2570-4DB2-9EA2-9455EA724C02}"
	ProjectSection(SolutionItems) = preProject
		deps\x64\Debug\static\jpeg-static.pdb = deps\x64\Debug\static\jpeg-static.pdb
		deps\x64\Debug\static\jpeg.lib = deps\x64\Debug\static\jpeg.lib
		deps\x64\Debug\static\tiffd.lib = deps\x64\Debug\static\tiffd.lib
		deps\x64\Debug\static\zlibd.lib = deps\x64\Debug\static\zlibd.lib
	EndProjectSection
EndProject
Project("{2150E333-8FDC-42A3-9474-1A3956D46DE8}") = "static", "static", "{A52C9873-4D9B-4CD1-A74C-21BEC3F5D013}"
	ProjectSection(SolutionItems) = preProject
		deps\x64\Release\static\jpeg-static.pdb = deps\x64\Release\static\jpeg-static.pdb
		deps\x64\Release\static\jpeg.lib = deps\x64\Release\static\jpeg.lib
		deps\x64\Release\static\tiff.lib = deps\x64\Release\static\tiff.lib
		deps\x64\Release\static\zlib.lib = deps\x64\Release\static\zlib.lib
	EndProjectSection
EndProject
Project("{2150E333-8FDC-42A3-9474-1A3956D46DE8}") = "share", "share", "{60A232E8-EBC3-4574-B6F0-92CCCAEAF503}"
EndProject
Project("{2150E333-8FDC-42A3-9474-1A3956D46DE8}") = "static", "static", "{384245D7-CAE8-4E63-AFFC-922D923ECB73}"
	ProjectSection(SolutionItems) = preProject
		deps\x86\Release\static\jpeg-static.pdb = deps\x86\Release\static\jpeg-static.pdb
		deps\x86\Release\static\jpeg.lib = deps\x86\Release\static\jpeg.lib
		deps\x86\Release\static\tiff.lib = deps\x86\Release\static\tiff.lib
		deps\x86\Release\static\zlib.lib = deps\x86\Release\static\zlib.lib
	EndProjectSection
EndProject
Project("{2150E333-8FDC-42A3-9474-1A3956D46DE8}") = "data", "data", "{73C6055A-2FF4-4852-B3F0-402D6EB5B8B9}"
	ProjectSection(SolutionItems) = preProject
		artifacts\data\DjvuNet.pdb = artifacts\data\DjvuNet.pdb
		artifacts\data\DjvuNet.pdb.bz = artifacts\data\DjvuNet.pdb.bz
		artifacts\data\LibGit2Sharp.pdb = artifacts\data\LibGit2Sharp.pdb
		artifacts\data\LibGit2Sharp.pdb.bz = artifacts\data\LibGit2Sharp.pdb.bz
		artifacts\data\pdfium.dll = artifacts\data\pdfium.dll
		artifacts\data\pdfium.dll.bz = artifacts\data\pdfium.dll.bz
		artifacts\data\test001C_P01.antz = artifacts\data\test001C_P01.antz
		artifacts\data\test001C_P01.bg44 = artifacts\data\test001C_P01.bg44
		artifacts\data\test001C_P01.cida = artifacts\data\test001C_P01.cida
		artifacts\data\test001C_P01.fg44 = artifacts\data\test001C_P01.fg44
		artifacts\data\test001C_P01.info = artifacts\data\test001C_P01.info
		artifacts\data\test001C_P01.sjbz = artifacts\data\test001C_P01.sjbz
		artifacts\data\test001C_P01.txtz = artifacts\data\test001C_P01.txtz
		artifacts\data\test002C.xml = artifacts\data\test002C.xml
		artifacts\data\test002C_P01.antz = artifacts\data\test002C_P01.antz
		artifacts\data\test002C_P01.bg44 = artifacts\data\test002C_P01.bg44
		artifacts\data\test002C_P01.fgbz = artifacts\data\test002C_P01.fgbz
		artifacts\data\test002C_P01.incl = artifacts\data\test002C_P01.incl
		artifacts\data\test002C_P01.info = artifacts\data\test002C_P01.info
		artifacts\data\test002C_P01.sjbz = artifacts\data\test002C_P01.sjbz
		artifacts\data\test002C_P01.txtz = artifacts\data\test002C_P01.txtz
		artifacts\data\test003C.png = artifacts\data\test003C.png
		artifacts\data\test003C.xml = artifacts\data\test003C.xml
		artifacts\data\test003C_P01.antz = artifacts\data\test003C_P01.antz
		artifacts\data\test003C_P01.bg44 = artifacts\data\test003C_P01.bg44
		artifacts\data\test003C_P01.fgbz = artifacts\data\test003C_P01.fgbz
		artifacts\data\test003C_P01.incl = artifacts\data\test003C_P01.incl
		artifacts\data\test003C_P01.info = artifacts\data\test003C_P01.info
		artifacts\data\test003C_P01.sjbz = artifacts\data\test003C_P01.sjbz
		artifacts\data\test003C_P01.txtz = artifacts\data\test003C_P01.txtz
		artifacts\data\test003CB.png = artifacts\data\test003CB.png
		artifacts\data\test003CF.png = artifacts\data\test003CF.png
		artifacts\data\test003CHT.png = artifacts\data\test003CHT.png
		artifacts\data\test003CS.png = artifacts\data\test003CS.png
		artifacts\data\test004C_P01.antz = artifacts\data\test004C_P01.antz
		artifacts\data\test004C_P01.bg44 = artifacts\data\test004C_P01.bg44
		artifacts\data\test004C_P01.fgbz = artifacts\data\test004C_P01.fgbz
		artifacts\data\test004C_P01.incl = artifacts\data\test004C_P01.incl
		artifacts\data\test004C_P01.info = artifacts\data\test004C_P01.info
		artifacts\data\test004C_P01.sjbz = artifacts\data\test004C_P01.sjbz
		artifacts\data\test004C_P01.txtz = artifacts\data\test004C_P01.txtz
		artifacts\data\test005C_P01.bg44 = artifacts\data\test005C_P01.bg44
		artifacts\data\test005C_P01.fgbz = artifacts\data\test005C_P01.fgbz
		artifacts\data\test005C_P01.incl = artifacts\data\test005C_P01.incl
		artifacts\data\test005C_P01.info = artifacts\data\test005C_P01.info
		artifacts\data\test005C_P01.sjbz = artifacts\data\test005C_P01.sjbz
		artifacts\data\test005C_P01.txtz = artifacts\data\test005C_P01.txtz
		artifacts\data\test006C_P01.antz = artifacts\data\test006C_P01.antz
		artifacts\data\test006C_P01.bg44 = artifacts\data\test006C_P01.bg44
		artifacts\data\test006C_P01.fgbz = artifacts\data\test006C_P01.fgbz
		artifacts\data\test006C_P01.incl = artifacts\data\test006C_P01.incl
		artifacts\data\test006C_P01.info = artifacts\data\test006C_P01.info
		artifacts\data\test006C_P01.sjbz = artifacts\data\test006C_P01.sjbz
		artifacts\data\test006C_P01.txtz = artifacts\data\test006C_P01.txtz
		artifacts\data\test007C_P01.antz = artifacts\data\test007C_P01.antz
		artifacts\data\test007C_P01.bg44 = artifacts\data\test007C_P01.bg44
		artifacts\data\test007C_P01.fgbz = artifacts\data\test007C_P01.fgbz
		artifacts\data\test007C_P01.incl = artifacts\data\test007C_P01.incl
		artifacts\data\test007C_P01.info = artifacts\data\test007C_P01.info
		artifacts\data\test007C_P01.sjbz = artifacts\data\test007C_P01.sjbz
		artifacts\data\test007C_P01.txtz = artifacts\data\test007C_P01.txtz
		artifacts\data\test008C_P01.antz = artifacts\data\test008C_P01.antz
		artifacts\data\test008C_P01.bg44 = artifacts\data\test008C_P01.bg44
		artifacts\data\test008C_P01.fgbz = artifacts\data\test008C_P01.fgbz
		artifacts\data\test008C_P01.incl = artifacts\data\test008C_P01.incl
		artifacts\data\test008C_P01.info = artifacts\data\test008C_P01.info
		artifacts\data\test008C_P01.sjbz = artifacts\data\test008C_P01.sjbz
		artifacts\data\test008C_P01.txtz = artifacts\data\test008C_P01.txtz
		artifacts\data\test009C_P01.antz = artifacts\data\test009C_P01.antz
		artifacts\data\test009C_P01.bg44 = artifacts\data\test009C_P01.bg44
		artifacts\data\test009C_P01.fgbz = artifacts\data\test009C_P01.fgbz
		artifacts\data\test009C_P01.incl = artifacts\data\test009C_P01.incl
		artifacts\data\test009C_P01.info = artifacts\data\test009C_P01.info
		artifacts\data\test009C_P01.sjbz = artifacts\data\test009C_P01.sjbz
		artifacts\data\test009C_P01.txtz = artifacts\data\test009C_P01.txtz
		artifacts\data\test010C_P01.antz = artifacts\data\test010C_P01.antz
		artifacts\data\test010C_P01.bg44 = artifacts\data\test010C_P01.bg44
		artifacts\data\test010C_P01.fgbz = artifacts\data\test010C_P01.fgbz
		artifacts\data\test010C_P01.incl = artifacts\data\test010C_P01.incl
		artifacts\data\test010C_P01.info = artifacts\data\test010C_P01.info
		artifacts\data\test010C_P01.sjbz = artifacts\data\test010C_P01.sjbz
		artifacts\data\test010C_P01.txtz = artifacts\data\test010C_P01.txtz
		artifacts\data\test011C_P01.antz = artifacts\data\test011C_P01.antz
		artifacts\data\test011C_P01.bg44 = artifacts\data\test011C_P01.bg44
		artifacts\data\test011C_P01.fgbz = artifacts\data\test011C_P01.fgbz
		artifacts\data\test011C_P01.incl = artifacts\data\test011C_P01.incl
		artifacts\data\test011C_P01.info = artifacts\data\test011C_P01.info
		artifacts\data\test011C_P01.sjbz = artifacts\data\test011C_P01.sjbz
		artifacts\data\test011C_P01.txtz = artifacts\data\test011C_P01.txtz
		artifacts\data\test012C_P01.antz = artifacts\data\test012C_P01.antz
		artifacts\data\test012C_P01.bg44 = artifacts\data\test012C_P01.bg44
		artifacts\data\test012C_P01.fgbz = artifacts\data\test012C_P01.fgbz
		artifacts\data\test012C_P01.incl = artifacts\data\test012C_P01.incl
		artifacts\data\test012C_P01.info = artifacts\data\test012C_P01.info
		artifacts\data\test012C_P01.sjbz = artifacts\data\test012C_P01.sjbz
		artifacts\data\test012C_P01.txtz = artifacts\data\test012C_P01.txtz
		artifacts\data\test013C_P01.antz = artifacts\data\test013C_P01.antz
		artifacts\data\test013C_P01.bg44 = artifacts\data\test013C_P01.bg44
		artifacts\data\test013C_P01.fgbz = artifacts\data\test013C_P01.fgbz
		artifacts\data\test013C_P01.incl = artifacts\data\test013C_P01.incl
		artifacts\data\test013C_P01.info = artifacts\data\test013C_P01.info
		artifacts\data\test013C_P01.sjbz = artifacts\data\test013C_P01.sjbz
		artifacts\data\test013C_P01.txtz = artifacts\data\test013C_P01.txtz
		artifacts\data\test014C_P01.antz = artifacts\data\test014C_P01.antz
		artifacts\data\test014C_P01.bg44 = artifacts\data\test014C_P01.bg44
		artifacts\data\test014C_P01.fgbz = artifacts\data\test014C_P01.fgbz
		artifacts\data\test014C_P01.incl = artifacts\data\test014C_P01.incl
		artifacts\data\test014C_P01.info = artifacts\data\test014C_P01.info
		artifacts\data\test014C_P01.sjbz = artifacts\data\test014C_P01.sjbz
		artifacts\data\test014C_P01.txtz = artifacts\data\test014C_P01.txtz
		artifacts\data\test015C_P01.antz = artifacts\data\test015C_P01.antz
		artifacts\data\test015C_P01.bg44 = artifacts\data\test015C_P01.bg44
		artifacts\data\test015C_P01.fgbz = artifacts\data\test015C_P01.fgbz
		artifacts\data\test015C_P01.incl = artifacts\data\test015C_P01.incl
		artifacts\data\test015C_P01.info = artifacts\data\test015C_P01.info
		artifacts\data\test015C_P01.sjbz = artifacts\data\test015C_P01.sjbz
		artifacts\data\test015C_P01.txtz = artifacts\data\test015C_P01.txtz
		artifacts\data\test016C_P01.antz = artifacts\data\test016C_P01.antz
		artifacts\data\test016C_P01.bg44 = artifacts\data\test016C_P01.bg44
		artifacts\data\test016C_P01.fgbz = artifacts\data\test016C_P01.fgbz
		artifacts\data\test016C_P01.incl = artifacts\data\test016C_P01.incl
		artifacts\data\test016C_P01.info = artifacts\data\test016C_P01.info
		artifacts\data\test016C_P01.sjbz = artifacts\data\test016C_P01.sjbz
		artifacts\data\test016C_P01.txtz = artifacts\data\test016C_P01.txtz
		artifacts\data\test017C_P01.antz = artifacts\data\test017C_P01.antz
		artifacts\data\test017C_P01.bg44 = artifacts\data\test017C_P01.bg44
		artifacts\data\test017C_P01.fgbz = artifacts\data\test017C_P01.fgbz
		artifacts\data\test017C_P01.incl = artifacts\data\test017C_P01.incl
		artifacts\data\test017C_P01.info = artifacts\data\test017C_P01.info
		artifacts\data\test017C_P01.sjbz = artifacts\data\test017C_P01.sjbz
		artifacts\data\test017C_P01.txtz = artifacts\data\test017C_P01.txtz
		artifacts\data\test018C_P01.antz = artifacts\data\test018C_P01.antz
		artifacts\data\test018C_P01.bg44 = artifacts\data\test018C_P01.bg44
		artifacts\data\test018C_P01.fgbz = artifacts\data\test018C_P01.fgbz
		artifacts\data\test018C_P01.incl = artifacts\data\test018C_P01.incl
		artifacts\data\test018C_P01.info = artifacts\data\test018C_P01.info
		artifacts\data\test018C_P01.sjbz = artifacts\data\test018C_P01.sjbz
		artifacts\data\test018C_P01.txtz = artifacts\data\test018C_P01.txtz
		artifacts\data\test019C_P01.antz = artifacts\data\test019C_P01.antz
		artifacts\data\test019C_P01.bg44 = artifacts\data\test019C_P01.bg44
		artifacts\data\test019C_P01.fgbz = artifacts\data\test019C_P01.fgbz
		artifacts\data\test019C_P01.incl = artifacts\data\test019C_P01.incl
		artifacts\data\test019C_P01.info = artifacts\data\test019C_P01.info
		artifacts\data\test019C_P01.sjbz = artifacts\data\test019C_P01.sjbz
		artifacts\data\test019C_P01.txtz = artifacts\data\test019C_P01.txtz
		artifacts\data\test020C_P01.antz = artifacts\data\test020C_P01.antz
		artifacts\data\test020C_P01.bg44 = artifacts\data\test020C_P01.bg44
		artifacts\data\test020C_P01.fgbz = artifacts\data\test020C_P01.fgbz
		artifacts\data\test020C_P01.incl = artifacts\data\test020C_P01.incl
		artifacts\data\test020C_P01.info = artifacts\data\test020C_P01.info
		artifacts\data\test020C_P01.sjbz = artifacts\data\test020C_P01.sjbz
		artifacts\data\test020C_P01.txtz = artifacts\data\test020C_P01.txtz
		artifacts\data\test021C_P01.antz = artifacts\data\test021C_P01.antz
		artifacts\data\test021C_P01.bg44 = artifacts\data\test021C_P01.bg44
		artifacts\data\test021C_P01.fgbz = artifacts\data\test021C_P01.fgbz
		artifacts\data\test021C_P01.incl = artifacts\data\test021C_P01.incl
		artifacts\data\test021C_P01.info = artifacts\data\test021C_P01.info
		artifacts\data\test021C_P01.sjbz = artifacts\data\test021C_P01.sjbz
		artifacts\data\test021C_P01.txtz = artifacts\data\test021C_P01.txtz
		artifacts\data\test022C_P01.antz = artifacts\data\test022C_P01.antz
		artifacts\data\test022C_P01.bg44 = artifacts\data\test022C_P01.bg44
		artifacts\data\test022C_P01.fgbz = artifacts\data\test022C_P01.fgbz
		artifacts\data\test022C_P01.incl = artifacts\data\test022C_P01.incl
		artifacts\data\test022C_P01.info = artifacts\data\test022C_P01.info
		artifacts\data\test022C_P01.sjbz = artifacts\data\test022C_P01.sjbz
		artifacts\data\test022C_P01.txtz = artifacts\data\test022C_P01.txtz
		artifacts\data\test023C_P01.antz = artifacts\data\test023C_P01.antz
		artifacts\data\test023C_P01.bg44 = artifacts\data\test023C_P01.bg44
		artifacts\data\test023C_P01.fgbz = artifacts\data\test023C_P01.fgbz
		artifacts\data\test023C_P01.incl = artifacts\data\test023C_P01.incl
		artifacts\data\test023C_P01.info = artifacts\data\test023C_P01.info
		artifacts\data\test023C_P01.sjbz = artifacts\data\test023C_P01.sjbz
		artifacts\data\test023C_P01.txtz = artifacts\data\test023C_P01.txtz
		artifacts\data\test024C_P01.antz = artifacts\data\test024C_P01.antz
		artifacts\data\test024C_P01.bg44 = artifacts\data\test024C_P01.bg44
		artifacts\data\test024C_P01.fgbz = artifacts\data\test024C_P01.fgbz
		artifacts\data\test024C_P01.incl = artifacts\data\test024C_P01.incl
		artifacts\data\test024C_P01.info = artifacts\data\test024C_P01.info
		artifacts\data\test024C_P01.sjbz = artifacts\data\test024C_P01.sjbz
		artifacts\data\test024C_P01.txtz = artifacts\data\test024C_P01.txtz
		artifacts\data\test025C_P01.incl = artifacts\data\test025C_P01.incl
		artifacts\data\test025C_P01.info = artifacts\data\test025C_P01.info
		artifacts\data\test025C_P01.sjbz = artifacts\data\test025C_P01.sjbz
		artifacts\data\test025C_P01.txtz = artifacts\data\test025C_P01.txtz
		artifacts\data\test026C_P01.antz = artifacts\data\test026C_P01.antz
		artifacts\data\test026C_P01.bg44 = artifacts\data\test026C_P01.bg44
		artifacts\data\test026C_P01.fgbz = artifacts\data\test026C_P01.fgbz
		artifacts\data\test026C_P01.incl = artifacts\data\test026C_P01.incl
		artifacts\data\test026C_P01.info = artifacts\data\test026C_P01.info
		artifacts\data\test026C_P01.sjbz = artifacts\data\test026C_P01.sjbz
		artifacts\data\test026C_P01.txtz = artifacts\data\test026C_P01.txtz
		artifacts\data\test027C_P01.antz = artifacts\data\test027C_P01.antz
		artifacts\data\test027C_P01.bg44 = artifacts\data\test027C_P01.bg44
		artifacts\data\test027C_P01.fgbz = artifacts\data\test027C_P01.fgbz
		artifacts\data\test027C_P01.incl = artifacts\data\test027C_P01.incl
		artifacts\data\test027C_P01.info = artifacts\data\test027C_P01.info
		artifacts\data\test027C_P01.sjbz = artifacts\data\test027C_P01.sjbz
		artifacts\data\test027C_P01.txtz = artifacts\data\test027C_P01.txtz
		artifacts\data\test028C_P01.antz = artifacts\data\test028C_P01.antz
		artifacts\data\test028C_P01.bg44 = artifacts\data\test028C_P01.bg44
		artifacts\data\test028C_P01.fgbz = artifacts\data\test028C_P01.fgbz
		artifacts\data\test028C_P01.incl = artifacts\data\test028C_P01.incl
		artifacts\data\test028C_P01.info = artifacts\data\test028C_P01.info
		artifacts\data\test028C_P01.sjbz = artifacts\data\test028C_P01.sjbz
		artifacts\data\test028C_P01.txtz = artifacts\data\test028C_P01.txtz
		artifacts\data\test029C_P01.antz = artifacts\data\test029C_P01.antz
		artifacts\data\test029C_P01.bg44 = artifacts\data\test029C_P01.bg44
		artifacts\data\test029C_P01.fgbz = artifacts\data\test029C_P01.fgbz
		artifacts\data\test029C_P01.incl = artifacts\data\test029C_P01.incl
		artifacts\data\test029C_P01.info = artifacts\data\test029C_P01.info
		artifacts\data\test029C_P01.sjbz = artifacts\data\test029C_P01.sjbz
		artifacts\data\test029C_P01.txtz = artifacts\data\test029C_P01.txtz
		artifacts\data\test030C_P01.bg44 = artifacts\data\test030C_P01.bg44
		artifacts\data\test030C_P01.cida = artifacts\data\test030C_P01.cida
		artifacts\data\test030C_P01.fg44 = artifacts\data\test030C_P01.fg44
		artifacts\data\test030C_P01.info = artifacts\data\test030C_P01.info
		artifacts\data\test030C_P01.sjbz = artifacts\data\test030C_P01.sjbz
		artifacts\data\test031C_P01.antz = artifacts\data\test031C_P01.antz
		artifacts\data\test031C_P01.bg44 = artifacts\data\test031C_P01.bg44
		artifacts\data\test031C_P01.fgbz = artifacts\data\test031C_P01.fgbz
		artifacts\data\test031C_P01.incl = artifacts\data\test031C_P01.incl
		artifacts\data\test031C_P01.info = artifacts\data\test031C_P01.info
		artifacts\data\test031C_P01.sjbz = artifacts\data\test031C_P01.sjbz
		artifacts\data\test032-1.bg4 = artifacts\data\test032-1.bg4
		artifacts\data\test032-1.fg4 = artifacts\data\test032-1.fg4
		artifacts\data\test032-1.sjbz = artifacts\data\test032-1.sjbz
		artifacts\data\test032C_P01.antz = artifacts\data\test032C_P01.antz
		artifacts\data\test032C_P01.bg44 = artifacts\data\test032C_P01.bg44
		artifacts\data\test032C_P01.fg44 = artifacts\data\test032C_P01.fg44
		artifacts\data\test032C_P01.incl = artifacts\data\test032C_P01.incl
		artifacts\data\test032C_P01.info = artifacts\data\test032C_P01.info
		artifacts\data\test032C_P01.sjbz = artifacts\data\test032C_P01.sjbz
		artifacts\data\test033C_P01.bg44 = artifacts\data\test033C_P01.bg44
		artifacts\data\test033C_P01.fgbz = artifacts\data\test033C_P01.fgbz
		artifacts\data\test033C_P01.incl = artifacts\data\test033C_P01.incl
		artifacts\data\test033C_P01.info = artifacts\data\test033C_P01.info
		artifacts\data\test033C_P01.sjbz = artifacts\data\test033C_P01.sjbz
		artifacts\data\test033C_P01.txtz = artifacts\data\test033C_P01.txtz
		artifacts\data\test034C_P01.info = artifacts\data\test034C_P01.info
		artifacts\data\test034C_P01.sjbz = artifacts\data\test034C_P01.sjbz
		artifacts\data\test035C_P01.antz = artifacts\data\test035C_P01.antz
		artifacts\data\test035C_P01.bg44 = artifacts\data\test035C_P01.bg44
		artifacts\data\test035C_P01.info = artifacts\data\test035C_P01.info
		artifacts\data\test035C_P01.txtz = artifacts\data\test035C_P01.txtz
		artifacts\data\test036C_P01.antz = artifacts\data\test036C_P01.antz
		artifacts\data\test036C_P01.bg44 = artifacts\data\test036C_P01.bg44
		artifacts\data\test036C_P01.cida = artifacts\data\test036C_P01.cida
		artifacts\data\test036C_P01.fg44 = artifacts\data\test036C_P01.fg44
		artifacts\data\test036C_P01.info = artifacts\data\test036C_P01.info
		artifacts\data\test036C_P01.sjbz = artifacts\data\test036C_P01.sjbz
		artifacts\data\test036C_P01.txtz = artifacts\data\test036C_P01.txtz
		artifacts\data\test037C_P01.antz = artifacts\data\test037C_P01.antz
		artifacts\data\test037C_P01.bg44 = artifacts\data\test037C_P01.bg44
		artifacts\data\test037C_P01.cida = artifacts\data\test037C_P01.cida
		artifacts\data\test037C_P01.fg44 = artifacts\data\test037C_P01.fg44
		artifacts\data\test037C_P01.info = artifacts\data\test037C_P01.info
		artifacts\data\test037C_P01.sjbz = artifacts\data\test037C_P01.sjbz
		artifacts\data\test038C_P01.antz = artifacts\data\test038C_P01.antz
		artifacts\data\test038C_P01.bg44 = artifacts\data\test038C_P01.bg44
		artifacts\data\test038C_P01.cida = artifacts\data\test038C_P01.cida
		artifacts\data\test038C_P01.fg44 = artifacts\data\test038C_P01.fg44
		artifacts\data\test038C_P01.info = artifacts\data\test038C_P01.info
		artifacts\data\test038C_P01.sjbz = artifacts\data\test038C_P01.sjbz
		artifacts\data\test038C_P01.txtz = artifacts\data\test038C_P01.txtz
		artifacts\data\test039C_P01.bg44 = artifacts\data\test039C_P01.bg44
		artifacts\data\test039C_P01.cida = artifacts\data\test039C_P01.cida
		artifacts\data\test039C_P01.fg44 = artifacts\data\test039C_P01.fg44
		artifacts\data\test039C_P01.info = artifacts\data\test039C_P01.info
		artifacts\data\test039C_P01.sjbz = artifacts\data\test039C_P01.sjbz
		artifacts\data\test039C_P01.txtz = artifacts\data\test039C_P01.txtz
		artifacts\data\test040C_P01.antz = artifacts\data\test040C_P01.antz
		artifacts\data\test040C_P01.bg44 = artifacts\data\test040C_P01.bg44
		artifacts\data\test040C_P01.cida = artifacts\data\test040C_P01.cida
		artifacts\data\test040C_P01.fg44 = artifacts\data\test040C_P01.fg44
		artifacts\data\test040C_P01.info = artifacts\data\test040C_P01.info
		artifacts\data\test040C_P01.sjbz = artifacts\data\test040C_P01.sjbz
		artifacts\data\test041C_P01.bg44 = artifacts\data\test041C_P01.bg44
		artifacts\data\test041C_P01.fgbz = artifacts\data\test041C_P01.fgbz
		artifacts\data\test041C_P01.incl = artifacts\data\test041C_P01.incl
		artifacts\data\test041C_P01.info = artifacts\data\test041C_P01.info
		artifacts\data\test041C_P01.sjbz = artifacts\data\test041C_P01.sjbz
		artifacts\data\test041C_P01.txtz = artifacts\data\test041C_P01.txtz
		artifacts\data\test042C_P01.antz = artifacts\data\test042C_P01.antz
		artifacts\data\test042C_P01.bg44 = artifacts\data\test042C_P01.bg44
		artifacts\data\test042C_P01.cida = artifacts\data\test042C_P01.cida
		artifacts\data\test042C_P01.info = artifacts\data\test042C_P01.info
		artifacts\data\test043C_P01.antz = artifacts\data\test043C_P01.antz
		artifacts\data\test043C_P01.bg44 = artifacts\data\test043C_P01.bg44
		artifacts\data\test043C_P01.info = artifacts\data\test043C_P01.info
		artifacts\data\test044C_P01.bg44 = artifacts\data\test044C_P01.bg44
		artifacts\data\test044C_P01.info = artifacts\data\test044C_P01.info
		artifacts\data\test045C_P01.antz = artifacts\data\test045C_P01.antz
		artifacts\data\test045C_P01.bg44 = artifacts\data\test045C_P01.bg44
		artifacts\data\test045C_P01.cida = artifacts\data\test045C_P01.cida
		artifacts\data\test045C_P01.fg44 = artifacts\data\test045C_P01.fg44
		artifacts\data\test045C_P01.info = artifacts\data\test045C_P01.info
		artifacts\data\test045C_P01.sjbz = artifacts\data\test045C_P01.sjbz
		artifacts\data\test046C_P01.antz = artifacts\data\test046C_P01.antz
		artifacts\data\test046C_P01.bg44 = artifacts\data\test046C_P01.bg44
		artifacts\data\test046C_P01.cida = artifacts\data\test046C_P01.cida
		artifacts\data\test046C_P01.fg44 = artifacts\data\test046C_P01.fg44
		artifacts\data\test046C_P01.info = artifacts\data\test046C_P01.info
		artifacts\data\test046C_P01.sjbz = artifacts\data\test046C_P01.sjbz
		artifacts\data\test046C_P01.txtz = artifacts\data\test046C_P01.txtz
		artifacts\data\test047C_P01.antz = artifacts\data\test047C_P01.antz
		artifacts\data\test047C_P01.bg44 = artifacts\data\test047C_P01.bg44
		artifacts\data\test047C_P01.cida = artifacts\data\test047C_P01.cida
		artifacts\data\test047C_P01.info = artifacts\data\test047C_P01.info
		artifacts\data\test048C_P01.antz = artifacts\data\test048C_P01.antz
		artifacts\data\test048C_P01.bg44 = artifacts\data\test048C_P01.bg44
		artifacts\data\test048C_P01.fg44 = artifacts\data\test048C_P01.fg44
		artifacts\data\test048C_P01.info = artifacts\data\test048C_P01.info
		artifacts\data\test048C_P01.sjbz = artifacts\data\test048C_P01.sjbz
		artifacts\data\test049C_P01.antz = artifacts\data\test049C_P01.antz
		artifacts\data\test049C_P01.bg44 = artifacts\data\test049C_P01.bg44
		artifacts\data\test049C_P01.fg44 = artifacts\data\test049C_P01.fg44
		artifacts\data\test049C_P01.incl = artifacts\data\test049C_P01.incl
		artifacts\data\test049C_P01.info = artifacts\data\test049C_P01.info
		artifacts\data\test049C_P01.sjbz = artifacts\data\test049C_P01.sjbz
		artifacts\data\test050C_P01.antz = artifacts\data\test050C_P01.antz
		artifacts\data\test050C_P01.bg44 = artifacts\data\test050C_P01.bg44
		artifacts\data\test050C_P01.fg44 = artifacts\data\test050C_P01.fg44
		artifacts\data\test050C_P01.incl = artifacts\data\test050C_P01.incl
		artifacts\data\test050C_P01.info = artifacts\data\test050C_P01.info
		artifacts\data\test050C_P01.sjbz = artifacts\data\test050C_P01.sjbz
		artifacts\data\test051C_P01.antz = artifacts\data\test051C_P01.antz
		artifacts\data\test051C_P01.bg44 = artifacts\data\test051C_P01.bg44
		artifacts\data\test051C_P01.cida = artifacts\data\test051C_P01.cida
		artifacts\data\test051C_P01.fg44 = artifacts\data\test051C_P01.fg44
		artifacts\data\test051C_P01.info = artifacts\data\test051C_P01.info
		artifacts\data\test051C_P01.sjbz = artifacts\data\test051C_P01.sjbz
		artifacts\data\test052C_P01.antz = artifacts\data\test052C_P01.antz
		artifacts\data\test052C_P01.bg44 = artifacts\data\test052C_P01.bg44
		artifacts\data\test052C_P01.cida = artifacts\data\test052C_P01.cida
		artifacts\data\test052C_P01.fg44 = artifacts\data\test052C_P01.fg44
		artifacts\data\test052C_P01.info = artifacts\data\test052C_P01.info
		artifacts\data\test052C_P01.sjbz = artifacts\data\test052C_P01.sjbz
		artifacts\data\test053C_P01.antz = artifacts\data\test053C_P01.antz
		artifacts\data\test053C_P01.bg44 = artifacts\data\test053C_P01.bg44
		artifacts\data\test053C_P01.fg44 = artifacts\data\test053C_P01.fg44
		artifacts\data\test053C_P01.info = artifacts\data\test053C_P01.info
		artifacts\data\test053C_P01.sjbz = artifacts\data\test053C_P01.sjbz
		artifacts\data\test053C_P01.txtz = artifacts\data\test053C_P01.txtz
		artifacts\data\test054C_P01.antz = artifacts\data\test054C_P01.antz
		artifacts\data\test054C_P01.info = artifacts\data\test054C_P01.info
		artifacts\data\test054C_P01.sjbz = artifacts\data\test054C_P01.sjbz
		artifacts\data\test055C_P01.antz = artifacts\data\test055C_P01.antz
		artifacts\data\test055C_P01.bg44 = artifacts\data\test055C_P01.bg44
		artifacts\data\test055C_P01.info = artifacts\data\test055C_P01.info
		artifacts\data\test055C_P01.txtz = artifacts\data\test055C_P01.txtz
		artifacts\data\test056C_P01.antz = artifacts\data\test056C_P01.antz
		artifacts\data\test056C_P01.bg44 = artifacts\data\test056C_P01.bg44
		artifacts\data\test056C_P01.cida = artifacts\data\test056C_P01.cida
		artifacts\data\test056C_P01.fg44 = artifacts\data\test056C_P01.fg44
		artifacts\data\test056C_P01.info = artifacts\data\test056C_P01.info
		artifacts\data\test056C_P01.sjbz = artifacts\data\test056C_P01.sjbz
		artifacts\data\test056C_P01.txtz = artifacts\data\test056C_P01.txtz
		artifacts\data\test057C_P01.antz = artifacts\data\test057C_P01.antz
		artifacts\data\test057C_P01.bg44 = artifacts\data\test057C_P01.bg44
		artifacts\data\test057C_P01.cida = artifacts\data\test057C_P01.cida
		artifacts\data\test057C_P01.fg44 = artifacts\data\test057C_P01.fg44
		artifacts\data\test057C_P01.info = artifacts\data\test057C_P01.info
		artifacts\data\test057C_P01.sjbz = artifacts\data\test057C_P01.sjbz
		artifacts\data\test058C_P01.antz = artifacts\data\test058C_P01.antz
		artifacts\data\test058C_P01.bg44 = artifacts\data\test058C_P01.bg44
		artifacts\data\test058C_P01.fg44 = artifacts\data\test058C_P01.fg44
		artifacts\data\test058C_P01.incl = artifacts\data\test058C_P01.incl
		artifacts\data\test058C_P01.info = artifacts\data\test058C_P01.info
		artifacts\data\test058C_P01.sjbz = artifacts\data\test058C_P01.sjbz
		artifacts\data\test059C_P01.antz = artifacts\data\test059C_P01.antz
		artifacts\data\test059C_P01.bg44 = artifacts\data\test059C_P01.bg44
		artifacts\data\test059C_P01.fg44 = artifacts\data\test059C_P01.fg44
		artifacts\data\test059C_P01.info = artifacts\data\test059C_P01.info
		artifacts\data\test059C_P01.sjbz = artifacts\data\test059C_P01.sjbz
		artifacts\data\test059C_P01.txtz = artifacts\data\test059C_P01.txtz
		artifacts\data\test060C_P01.antz = artifacts\data\test060C_P01.antz
		artifacts\data\test060C_P01.bg44 = artifacts\data\test060C_P01.bg44
		artifacts\data\test060C_P01.info = artifacts\data\test060C_P01.info
		artifacts\data\test061C_P01.antz = artifacts\data\test061C_P01.antz
		artifacts\data\test061C_P01.bg44 = artifacts\data\test061C_P01.bg44
		artifacts\data\test061C_P01.fgbz = artifacts\data\test061C_P01.fgbz
		artifacts\data\test061C_P01.incl = artifacts\data\test061C_P01.incl
		artifacts\data\test061C_P01.info = artifacts\data\test061C_P01.info
		artifacts\data\test061C_P01.sjbz = artifacts\data\test061C_P01.sjbz
		artifacts\data\test062C_P01.antz = artifacts\data\test062C_P01.antz
		artifacts\data\test062C_P01.bg44 = artifacts\data\test062C_P01.bg44
		artifacts\data\test062C_P01.cida = artifacts\data\test062C_P01.cida
		artifacts\data\test062C_P01.fg44 = artifacts\data\test062C_P01.fg44
		artifacts\data\test062C_P01.info = artifacts\data\test062C_P01.info
		artifacts\data\test062C_P01.sjbz = artifacts\data\test062C_P01.sjbz
		artifacts\data\test062C_P01.txtz = artifacts\data\test062C_P01.txtz
		artifacts\data\test063C_P01.antz = artifacts\data\test063C_P01.antz
		artifacts\data\test063C_P01.bg44 = artifacts\data\test063C_P01.bg44
		artifacts\data\test063C_P01.cida = artifacts\data\test063C_P01.cida
		artifacts\data\test063C_P01.incl = artifacts\data\test063C_P01.incl
		artifacts\data\test063C_P01.info = artifacts\data\test063C_P01.info
		artifacts\data\test064C_P01.bg44 = artifacts\data\test064C_P01.bg44
		artifacts\data\test064C_P01.fg44 = artifacts\data\test064C_P01.fg44
		artifacts\data\test064C_P01.info = artifacts\data\test064C_P01.info
		artifacts\data\test064C_P01.sjbz = artifacts\data\test064C_P01.sjbz
		artifacts\data\test064C_P01.txtz = artifacts\data\test064C_P01.txtz
		artifacts\data\test065C_P01.antz = artifacts\data\test065C_P01.antz
		artifacts\data\test065C_P01.bg44 = artifacts\data\test065C_P01.bg44
		artifacts\data\test065C_P01.fgbz = artifacts\data\test065C_P01.fgbz
		artifacts\data\test065C_P01.incl = artifacts\data\test065C_P01.incl
		artifacts\data\test065C_P01.info = artifacts\data\test065C_P01.info
		artifacts\data\test065C_P01.sjbz = artifacts\data\test065C_P01.sjbz
		artifacts\data\test066C_P01.antz = artifacts\data\test066C_P01.antz
		artifacts\data\test066C_P01.bg44 = artifacts\data\test066C_P01.bg44
		artifacts\data\test066C_P01.info = artifacts\data\test066C_P01.info
		artifacts\data\test066C_P01.txtz = artifacts\data\test066C_P01.txtz
		artifacts\data\test067C_P01.antz = artifacts\data\test067C_P01.antz
		artifacts\data\test067C_P01.bg44 = artifacts\data\test067C_P01.bg44
		artifacts\data\test067C_P01.info = artifacts\data\test067C_P01.info
		artifacts\data\test067C_P01.txtz = artifacts\data\test067C_P01.txtz
		artifacts\data\test068C_P01.antz = artifacts\data\test068C_P01.antz
		artifacts\data\test068C_P01.bg44 = artifacts\data\test068C_P01.bg44
		artifacts\data\test068C_P01.fg44 = artifacts\data\test068C_P01.fg44
		artifacts\data\test068C_P01.info = artifacts\data\test068C_P01.info
		artifacts\data\test068C_P01.sjbz = artifacts\data\test068C_P01.sjbz
		artifacts\data\test068C_P01.txtz = artifacts\data\test068C_P01.txtz
		artifacts\data\test069C_P01.antz = artifacts\data\test069C_P01.antz
		artifacts\data\test069C_P01.bg44 = artifacts\data\test069C_P01.bg44
		artifacts\data\test069C_P01.fg44 = artifacts\data\test069C_P01.fg44
		artifacts\data\test069C_P01.info = artifacts\data\test069C_P01.info
		artifacts\data\test069C_P01.sjbz = artifacts\data\test069C_P01.sjbz
		artifacts\data\test069C_P01.txtz = artifacts\data\test069C_P01.txtz
		artifacts\data\test070C_P01.antz = artifacts\data\test070C_P01.antz
		artifacts\data\test070C_P01.bg44 = artifacts\data\test070C_P01.bg44
		artifacts\data\test070C_P01.fg44 = artifacts\data\test070C_P01.fg44
		artifacts\data\test070C_P01.info = artifacts\data\test070C_P01.info
		artifacts\data\test070C_P01.sjbz = artifacts\data\test070C_P01.sjbz
		artifacts\data\test070C_P01.txtz = artifacts\data\test070C_P01.txtz
		artifacts\data\test071C_P01.antz = artifacts\data\test071C_P01.antz
		artifacts\data\test071C_P01.bg44 = artifacts\data\test071C_P01.bg44
		artifacts\data\test071C_P01.info = artifacts\data\test071C_P01.info
		artifacts\data\test072C_P01.antz = artifacts\data\test072C_P01.antz
		artifacts\data\test072C_P01.bg44 = artifacts\data\test072C_P01.bg44
		artifacts\data\test072C_P01.fgbz = artifacts\data\test072C_P01.fgbz
		artifacts\data\test072C_P01.incl = artifacts\data\test072C_P01.incl
		artifacts\data\test072C_P01.info = artifacts\data\test072C_P01.info
		artifacts\data\test072C_P01.sjbz = artifacts\data\test072C_P01.sjbz
		artifacts\data\test073C_P01.antz = artifacts\data\test073C_P01.antz
		artifacts\data\test073C_P01.bg44 = artifacts\data\test073C_P01.bg44
		artifacts\data\test073C_P01.fg44 = artifacts\data\test073C_P01.fg44
		artifacts\data\test073C_P01.incl = artifacts\data\test073C_P01.incl
		artifacts\data\test073C_P01.info = artifacts\data\test073C_P01.info
		artifacts\data\test073C_P01.sjbz = artifacts\data\test073C_P01.sjbz
		artifacts\data\test074C_P01.antz = artifacts\data\test074C_P01.antz
		artifacts\data\test074C_P01.bg44 = artifacts\data\test074C_P01.bg44
		artifacts\data\test074C_P01.fg44 = artifacts\data\test074C_P01.fg44
		artifacts\data\test074C_P01.incl = artifacts\data\test074C_P01.incl
		artifacts\data\test074C_P01.info = artifacts\data\test074C_P01.info
		artifacts\data\test074C_P01.sjbz = artifacts\data\test074C_P01.sjbz
		artifacts\data\test075C_P01.antz = artifacts\data\test075C_P01.antz
		artifacts\data\test075C_P01.bg44 = artifacts\data\test075C_P01.bg44
		artifacts\data\test075C_P01.fgbz = artifacts\data\test075C_P01.fgbz
		artifacts\data\test075C_P01.incl = artifacts\data\test075C_P01.incl
		artifacts\data\test075C_P01.info = artifacts\data\test075C_P01.info
		artifacts\data\test075C_P01.sjbz = artifacts\data\test075C_P01.sjbz
		artifacts\data\test076C_P01.bg44 = artifacts\data\test076C_P01.bg44
		artifacts\data\test076C_P01.fg44 = artifacts\data\test076C_P01.fg44
		artifacts\data\test076C_P01.incl = artifacts\data\test076C_P01.incl
		artifacts\data\test076C_P01.info = artifacts\data\test076C_P01.info
		artifacts\data\test076C_P01.sjbz = artifacts\data\test076C_P01.sjbz
		artifacts\data\test076C_P01.txtz = artifacts\data\test076C_P01.txtz
		artifacts\data\test077C_P01.fgbz = artifacts\data\test077C_P01.fgbz
		artifacts\data\testbzz.bz = artifacts\data\testbzz.bz
		artifacts\data\testbzz.obz = artifacts\data\testbzz.obz
		artifacts\data\testbzznbmo.bz = artifacts\data\testbzznbmo.bz
		artifacts\data\testbzznbmo.obz = artifacts\data\testbzznbmo.obz
		artifacts\data\testbzznbmont.bz = artifacts\data\testbzznbmont.bz
		artifacts\data\testbzznbmont.obz = artifacts\data\testbzznbmont.obz
		artifacts\data\tests_exec.log.bz = artifacts\data\tests_exec.log.bz
		artifacts\data\tests_exec.log.zip = artifacts\data\tests_exec.log.zip
	EndProjectSection
EndProject
Project("{9A19103F-16F7-4668-BE54-9A1E7A4F7556}") = "System.Attributes.NETStandard2.0", "System.Attributes.NETStandard2.0\System.Attributes.NETStandard2.0.csproj", "{B7889728-B97F-4C85-85AD-C23311B2FBF5}"
EndProject
Project("{9A19103F-16F7-4668-BE54-9A1E7A4F7556}") = "DjvuNet.NETStandard2.0", "DjvuNet.NETStandard2.0\DjvuNet.NETStandard2.0.csproj", "{758E1C55-12EC-4C96-8B5C-DADD5003EB3A}"
EndProject
Project("{2150E333-8FDC-42A3-9474-1A3956D46DE8}") = "build", "build", "{CFCDECEB-E43D-439A-BABA-CFA152D09A70}"
EndProject
Project("{2150E333-8FDC-42A3-9474-1A3956D46DE8}") = "tools", "tools", "{28AC0A0B-0FBC-41BC-920E-D48ADB98A22D}"
EndProject
Project("{2150E333-8FDC-42A3-9474-1A3956D46DE8}") = "Utilities", "Utilities", "{3194DEF2-0E8D-4AED-91AA-0E43B883AAE6}"
EndProject
Project("{9A19103F-16F7-4668-BE54-9A1E7A4F7556}") = "DjvuNet.Tests.NETStandard2.0", "DjvuNet.Tests.NETStandard2.0\DjvuNet.Tests.NETStandard2.0.csproj", "{4845671C-3BA9-46E3-A384-C5DFC8FBFAB4}"
EndProject
Project("{9A19103F-16F7-4668-BE54-9A1E7A4F7556}") = "DjvuNet.Wavelet.Tests.NETStandard2.0", "DjvuNet.Wavelet.Tests.NETStandard2.0\DjvuNet.Wavelet.Tests.NETStandard2.0.csproj", "{AF1ED166-10AB-494D-8A7F-FA87B3A57BE9}"
EndProject
Project("{9A19103F-16F7-4668-BE54-9A1E7A4F7556}") = "DjvuNet.DjvuLibre.NETStandard2.0", "DjvuNet.DjvuLibre.NETStandard2.0\DjvuNet.DjvuLibre.NETStandard2.0.csproj", "{620AD762-193A-4C3E-A94F-00838CB069F3}"
EndProject
Project("{9A19103F-16F7-4668-BE54-9A1E7A4F7556}") = "DjvuNet.DjvuLibre.Tests.NETStandard2.0", "DjvuNet.DjvuLibre.Tests.NETStandard2.0\DjvuNet.DjvuLibre.Tests.NETStandard2.0.csproj", "{FCFF8876-89AE-4249-99BC-B4E8E30E36FE}"
EndProject
Project("{9A19103F-16F7-4668-BE54-9A1E7A4F7556}") = "DjvuNetTest.Core", "DjvuNetTest.Core\DjvuNetTest.Core.csproj", "{FB2F1720-AB3E-40F6-B4CC-95B098F9704F}"
EndProject
Project("{2150E333-8FDC-42A3-9474-1A3956D46DE8}") = "netcoreapp2.0", "netcoreapp2.0", "{8984CBDB-65B9-4466-A9C3-CB9174AF1403}"
	ProjectSection(SolutionItems) = preProject
		Tools\netcoreapp2.0\DjvuNet.Git.Tasks.Core.deps.json = Tools\netcoreapp2.0\DjvuNet.Git.Tasks.Core.deps.json
		Tools\netcoreapp2.0\DjvuNet.Git.Tasks.Core.dll = Tools\netcoreapp2.0\DjvuNet.Git.Tasks.Core.dll
		Tools\netcoreapp2.0\DjvuNet.Git.Tasks.Core.pdb = Tools\netcoreapp2.0\DjvuNet.Git.Tasks.Core.pdb
		Tools\netcoreapp2.0\git2-15e1193.dll = Tools\netcoreapp2.0\git2-15e1193.dll
		Tools\netcoreapp2.0\libgit2-1196807.dylib = Tools\netcoreapp2.0\libgit2-1196807.dylib
		Tools\netcoreapp2.0\libgit2-1196807.so = Tools\netcoreapp2.0\libgit2-1196807.so
		Tools\netcoreapp2.0\LibGit2Sharp.dll = Tools\netcoreapp2.0\LibGit2Sharp.dll
		Tools\netcoreapp2.0\LibGit2Sharp.dll.config = Tools\netcoreapp2.0\LibGit2Sharp.dll.config
		Tools\netcoreapp2.0\LibGit2Sharp.pdb = Tools\netcoreapp2.0\LibGit2Sharp.pdb
		Tools\netcoreapp2.0\LibGit2Sharp.xml = Tools\netcoreapp2.0\LibGit2Sharp.xml
		Tools\netcoreapp2.0\System.Attributes.dll = Tools\netcoreapp2.0\System.Attributes.dll
		Tools\netcoreapp2.0\System.Attributes.pdb = Tools\netcoreapp2.0\System.Attributes.pdb
	EndProjectSection
EndProject
Project("{9A19103F-16F7-4668-BE54-9A1E7A4F7556}") = "DjvuNet.Git.Tasks.Core", "build\tools\DjvuNet.Git.Tasks.Core\DjvuNet.Git.Tasks.Core.csproj", "{E5C158FE-1A9E-488A-8BF4-16BE0E3BE544}"
EndProject
Project("{9A19103F-16F7-4668-BE54-9A1E7A4F7556}") = "DjvuNet.Core", "DjvuNet.Core\DjvuNet.Core.csproj", "{1C3F1B50-507C-48B1-8F1C-821D2DC76E1F}"
EndProject
Project("{2150E333-8FDC-42A3-9474-1A3956D46DE8}") = "netstandard2.0", "netstandard2.0", "{71BA8C8D-53BE-4C8A-A2F4-A5D17EECB57E}"
	ProjectSection(SolutionItems) = preProject
		Tools\netstandard2.0\DjvuNet.Git.Tasks.deps.json = Tools\netstandard2.0\DjvuNet.Git.Tasks.deps.json
		Tools\netstandard2.0\DjvuNet.Git.Tasks.dll = Tools\netstandard2.0\DjvuNet.Git.Tasks.dll
		Tools\netstandard2.0\DjvuNet.Git.Tasks.pdb = Tools\netstandard2.0\DjvuNet.Git.Tasks.pdb
		Tools\netstandard2.0\LibGit2Sharp.dll = Tools\netstandard2.0\LibGit2Sharp.dll
		Tools\netstandard2.0\LibGit2Sharp.dll.config = Tools\netstandard2.0\LibGit2Sharp.dll.config
		Tools\netstandard2.0\LibGit2Sharp.pdb = Tools\netstandard2.0\LibGit2Sharp.pdb
		Tools\netstandard2.0\System.Attributes.dll = Tools\netstandard2.0\System.Attributes.dll
		Tools\netstandard2.0\System.Attributes.pdb = Tools\netstandard2.0\System.Attributes.pdb
	EndProjectSection
EndProject
Project("{2150E333-8FDC-42A3-9474-1A3956D46DE8}") = "lib", "lib", "{CDEA2F21-C919-47F6-9E6E-AD735F5C1025}"
EndProject
Project("{2150E333-8FDC-42A3-9474-1A3956D46DE8}") = "win32", "win32", "{345848A2-6EA8-493B-8F6D-87FC7FF1DB5B}"
EndProject
Project("{2150E333-8FDC-42A3-9474-1A3956D46DE8}") = "linux", "linux", "{AF76FE0E-2206-413F-9FC9-5297E08260EF}"
EndProject
Project("{2150E333-8FDC-42A3-9474-1A3956D46DE8}") = "osx", "osx", "{43B4ACFE-A051-4845-8C4E-65AC5909A59C}"
	ProjectSection(SolutionItems) = preProject
		Tools\lib\osx\libgit2-1196807.dylib = Tools\lib\osx\libgit2-1196807.dylib
	EndProjectSection
EndProject
Project("{2150E333-8FDC-42A3-9474-1A3956D46DE8}") = "x86", "x86", "{5AC2AD42-1811-449A-B2B8-E0A422CDCDE1}"
	ProjectSection(SolutionItems) = preProject
		Tools\lib\win32\x86\git2-1196807.dll = Tools\lib\win32\x86\git2-1196807.dll
	EndProjectSection
EndProject
Project("{2150E333-8FDC-42A3-9474-1A3956D46DE8}") = "x64", "x64", "{E761C145-DD79-4DCB-9705-80F6F4B13F21}"
	ProjectSection(SolutionItems) = preProject
		Tools\lib\win32\x64\git2-1196807.dll = Tools\lib\win32\x64\git2-1196807.dll
	EndProjectSection
EndProject
Project("{2150E333-8FDC-42A3-9474-1A3956D46DE8}") = "x86_64", "x86_64", "{996EA672-BAAA-40C9-A3F4-AD316689DABD}"
	ProjectSection(SolutionItems) = preProject
		Tools\lib\linux\x86_64\libgit2-1196807.so = Tools\lib\linux\x86_64\libgit2-1196807.so
	EndProjectSection
EndProject
Project("{2150E333-8FDC-42A3-9474-1A3956D46DE8}") = "lib", "lib", "{B8B55D45-8EE7-4200-9EB6-28C94CB6D2A4}"
EndProject
Project("{2150E333-8FDC-42A3-9474-1A3956D46DE8}") = "win32", "win32", "{2474A9EB-3B29-468C-8429-C6209233ABEA}"
EndProject
Project("{2150E333-8FDC-42A3-9474-1A3956D46DE8}") = "osx", "osx", "{8036D1FD-B927-4A90-B51C-010201DED84B}"
	ProjectSection(SolutionItems) = preProject
		Tools\netstandard2.0\lib\osx\libgit2-1196807.dylib = Tools\netstandard2.0\lib\osx\libgit2-1196807.dylib
	EndProjectSection
EndProject
Project("{2150E333-8FDC-42A3-9474-1A3956D46DE8}") = "linux", "linux", "{04110B33-4C32-431D-8351-8242EC8E35C0}"
EndProject
Project("{2150E333-8FDC-42A3-9474-1A3956D46DE8}") = "x86_64", "x86_64", "{AB855C46-F61E-4A1B-8637-C5A5C5C39B22}"
	ProjectSection(SolutionItems) = preProject
		Tools\netstandard2.0\lib\linux\x86_64\libgit2-1196807.so = Tools\netstandard2.0\lib\linux\x86_64\libgit2-1196807.so
	EndProjectSection
EndProject
Project("{2150E333-8FDC-42A3-9474-1A3956D46DE8}") = "x86", "x86", "{4DF40A3A-8985-4DCC-8785-281A62269AA2}"
	ProjectSection(SolutionItems) = preProject
		Tools\netstandard2.0\lib\win32\x86\git2-1196807.dll = Tools\netstandard2.0\lib\win32\x86\git2-1196807.dll
	EndProjectSection
EndProject
Project("{2150E333-8FDC-42A3-9474-1A3956D46DE8}") = "x64", "x64", "{D0071726-455F-431C-87E5-CF91D5319ADD}"
	ProjectSection(SolutionItems) = preProject
		Tools\netstandard2.0\lib\win32\x64\git2-1196807.dll = Tools\netstandard2.0\lib\win32\x64\git2-1196807.dll
	EndProjectSection
EndProject
Project("{2150E333-8FDC-42A3-9474-1A3956D46DE8}") = "lib", "lib", "{425B5610-72D2-41D4-B005-F604D9CAEFD2}"
EndProject
Project("{2150E333-8FDC-42A3-9474-1A3956D46DE8}") = "win32", "win32", "{3A24B0D4-70CE-4C77-8523-BF7FC8767381}"
EndProject
Project("{2150E333-8FDC-42A3-9474-1A3956D46DE8}") = "x86", "x86", "{25036FED-E5C6-4FE9-85A9-64EE6F39E828}"
	ProjectSection(SolutionItems) = preProject
		Tools\netcoreapp2.0\lib\win32\x86\git2-1196807.dll = Tools\netcoreapp2.0\lib\win32\x86\git2-1196807.dll
	EndProjectSection
EndProject
Project("{2150E333-8FDC-42A3-9474-1A3956D46DE8}") = "x64", "x64", "{C1CC4D3A-8EBD-4169-BEAE-79A57A78300E}"
	ProjectSection(SolutionItems) = preProject
		Tools\netcoreapp2.0\lib\win32\x64\git2-1196807.dll = Tools\netcoreapp2.0\lib\win32\x64\git2-1196807.dll
	EndProjectSection
EndProject
Project("{2150E333-8FDC-42A3-9474-1A3956D46DE8}") = "osx", "osx", "{6960D284-AC4D-4946-82E8-70AE25328564}"
	ProjectSection(SolutionItems) = preProject
		Tools\netcoreapp2.0\lib\osx\libgit2-1196807.dylib = Tools\netcoreapp2.0\lib\osx\libgit2-1196807.dylib
	EndProjectSection
EndProject
Project("{2150E333-8FDC-42A3-9474-1A3956D46DE8}") = "linux", "linux", "{EB61D68E-071D-4BEA-8DA4-CF15C6FECA10}"
EndProject
Project("{2150E333-8FDC-42A3-9474-1A3956D46DE8}") = "x86_64", "x86_64", "{824C1746-69F4-4EF8-9E56-EE098C9056D7}"
	ProjectSection(SolutionItems) = preProject
		Tools\netcoreapp2.0\lib\linux\x86_64\libgit2-1196807.so = Tools\netcoreapp2.0\lib\linux\x86_64\libgit2-1196807.so
	EndProjectSection
EndProject
Project("{9A19103F-16F7-4668-BE54-9A1E7A4F7556}") = "DjvuNet.Artifacts.Build.Core", "build\tools\DjvuNet.Artifacts.Build.Core\DjvuNet.Artifacts.Build.Core.csproj", "{7A2F9720-E413-41C9-9686-FE7B012FE48D}"
EndProject
Project("{9A19103F-16F7-4668-BE54-9A1E7A4F7556}") = "DjvuNet.Git.Tasks.Core.Tests", "build\tools\DjvuNet.Git.Tasks.Core.Tests\DjvuNet.Git.Tasks.Core.Tests.csproj", "{0C288CAB-0791-4957-8BF4-603B42404177}"
EndProject
Global
	GlobalSection(SharedMSBuildProjectFiles) = preSolution
		DjvuNet.Shared\DjvuNet.Shared.projitems*{61b8cb33-f13a-4309-a137-895017b28e31}*SharedItemsImports = 13
		DjvuNet.Shared.Tests\DjvuNet.Shared.Tests.projitems*{b7ef5575-5932-4ea7-b250-e7da238d60a9}*SharedItemsImports = 13
	EndGlobalSection
	GlobalSection(SolutionConfigurationPlatforms) = preSolution
		Debug|Any CPU = Debug|Any CPU
		Debug|x64 = Debug|x64
		Debug|x86 = Debug|x86
		Release|Any CPU = Release|Any CPU
		Release|x64 = Release|x64
		Release|x86 = Release|x86
	EndGlobalSection
	GlobalSection(ProjectConfigurationPlatforms) = postSolution
		{6CAFC0C6-A428-4D30-A9F9-700E829FEA51}.Debug|Any CPU.ActiveCfg = Release|Any CPU
		{6CAFC0C6-A428-4D30-A9F9-700E829FEA51}.Debug|x64.ActiveCfg = Debug|Any CPU
		{6CAFC0C6-A428-4D30-A9F9-700E829FEA51}.Debug|x86.ActiveCfg = Debug|Any CPU
		{6CAFC0C6-A428-4D30-A9F9-700E829FEA51}.Release|Any CPU.ActiveCfg = Release|Any CPU
		{6CAFC0C6-A428-4D30-A9F9-700E829FEA51}.Release|x64.ActiveCfg = Release|Any CPU
		{6CAFC0C6-A428-4D30-A9F9-700E829FEA51}.Release|x86.ActiveCfg = Release|Any CPU
		{AAA67337-AABD-4D04-A3CC-0A7F341F216C}.Debug|Any CPU.ActiveCfg = Release|Win32
		{AAA67337-AABD-4D04-A3CC-0A7F341F216C}.Debug|x64.ActiveCfg = Debug|x64
		{AAA67337-AABD-4D04-A3CC-0A7F341F216C}.Debug|x64.Build.0 = Debug|x64
		{AAA67337-AABD-4D04-A3CC-0A7F341F216C}.Debug|x86.ActiveCfg = Debug|Win32
		{AAA67337-AABD-4D04-A3CC-0A7F341F216C}.Debug|x86.Build.0 = Debug|Win32
		{AAA67337-AABD-4D04-A3CC-0A7F341F216C}.Release|Any CPU.ActiveCfg = Release|Win32
		{AAA67337-AABD-4D04-A3CC-0A7F341F216C}.Release|x64.ActiveCfg = Release|x64
		{AAA67337-AABD-4D04-A3CC-0A7F341F216C}.Release|x64.Build.0 = Release|x64
		{AAA67337-AABD-4D04-A3CC-0A7F341F216C}.Release|x86.ActiveCfg = Release|Win32
		{AAA67337-AABD-4D04-A3CC-0A7F341F216C}.Release|x86.Build.0 = Release|Win32
		{B7889728-B97F-4C85-85AD-C23311B2FBF5}.Debug|Any CPU.ActiveCfg = Debug|Any CPU
		{B7889728-B97F-4C85-85AD-C23311B2FBF5}.Debug|Any CPU.Build.0 = Debug|Any CPU
		{B7889728-B97F-4C85-85AD-C23311B2FBF5}.Debug|x64.ActiveCfg = Debug|x64
		{B7889728-B97F-4C85-85AD-C23311B2FBF5}.Debug|x64.Build.0 = Debug|x64
		{B7889728-B97F-4C85-85AD-C23311B2FBF5}.Debug|x86.ActiveCfg = Debug|x86
		{B7889728-B97F-4C85-85AD-C23311B2FBF5}.Debug|x86.Build.0 = Debug|x86
		{B7889728-B97F-4C85-85AD-C23311B2FBF5}.Release|Any CPU.ActiveCfg = Release|Any CPU
		{B7889728-B97F-4C85-85AD-C23311B2FBF5}.Release|x64.ActiveCfg = Release|x64
		{B7889728-B97F-4C85-85AD-C23311B2FBF5}.Release|x64.Build.0 = Release|x64
		{B7889728-B97F-4C85-85AD-C23311B2FBF5}.Release|x86.ActiveCfg = Release|x86
		{B7889728-B97F-4C85-85AD-C23311B2FBF5}.Release|x86.Build.0 = Release|x86
		{758E1C55-12EC-4C96-8B5C-DADD5003EB3A}.Debug|Any CPU.ActiveCfg = Debug|Any CPU
		{758E1C55-12EC-4C96-8B5C-DADD5003EB3A}.Debug|Any CPU.Build.0 = Debug|Any CPU
		{758E1C55-12EC-4C96-8B5C-DADD5003EB3A}.Debug|x64.ActiveCfg = Debug|x64
		{758E1C55-12EC-4C96-8B5C-DADD5003EB3A}.Debug|x64.Build.0 = Debug|x64
		{758E1C55-12EC-4C96-8B5C-DADD5003EB3A}.Debug|x86.ActiveCfg = Debug|x86
		{758E1C55-12EC-4C96-8B5C-DADD5003EB3A}.Debug|x86.Build.0 = Debug|x86
		{758E1C55-12EC-4C96-8B5C-DADD5003EB3A}.Release|Any CPU.ActiveCfg = Release|Any CPU
		{758E1C55-12EC-4C96-8B5C-DADD5003EB3A}.Release|x64.ActiveCfg = Release|x64
		{758E1C55-12EC-4C96-8B5C-DADD5003EB3A}.Release|x64.Build.0 = Release|x64
		{758E1C55-12EC-4C96-8B5C-DADD5003EB3A}.Release|x86.ActiveCfg = Release|x86
		{758E1C55-12EC-4C96-8B5C-DADD5003EB3A}.Release|x86.Build.0 = Release|x86
		{4845671C-3BA9-46E3-A384-C5DFC8FBFAB4}.Debug|Any CPU.ActiveCfg = Debug|Any CPU
		{4845671C-3BA9-46E3-A384-C5DFC8FBFAB4}.Debug|Any CPU.Build.0 = Debug|Any CPU
		{4845671C-3BA9-46E3-A384-C5DFC8FBFAB4}.Debug|x64.ActiveCfg = Debug|x64
		{4845671C-3BA9-46E3-A384-C5DFC8FBFAB4}.Debug|x64.Build.0 = Debug|x64
		{4845671C-3BA9-46E3-A384-C5DFC8FBFAB4}.Debug|x86.ActiveCfg = Debug|x86
		{4845671C-3BA9-46E3-A384-C5DFC8FBFAB4}.Debug|x86.Build.0 = Debug|x86
		{4845671C-3BA9-46E3-A384-C5DFC8FBFAB4}.Release|Any CPU.ActiveCfg = Release|Any CPU
		{4845671C-3BA9-46E3-A384-C5DFC8FBFAB4}.Release|Any CPU.Build.0 = Release|Any CPU
		{4845671C-3BA9-46E3-A384-C5DFC8FBFAB4}.Release|x64.ActiveCfg = Release|x64
		{4845671C-3BA9-46E3-A384-C5DFC8FBFAB4}.Release|x64.Build.0 = Release|x64
		{4845671C-3BA9-46E3-A384-C5DFC8FBFAB4}.Release|x86.ActiveCfg = Release|x86
		{4845671C-3BA9-46E3-A384-C5DFC8FBFAB4}.Release|x86.Build.0 = Release|x86
		{AF1ED166-10AB-494D-8A7F-FA87B3A57BE9}.Debug|Any CPU.ActiveCfg = Debug|Any CPU
		{AF1ED166-10AB-494D-8A7F-FA87B3A57BE9}.Debug|Any CPU.Build.0 = Debug|Any CPU
		{AF1ED166-10AB-494D-8A7F-FA87B3A57BE9}.Debug|x64.ActiveCfg = Debug|x64
		{AF1ED166-10AB-494D-8A7F-FA87B3A57BE9}.Debug|x64.Build.0 = Debug|x64
		{AF1ED166-10AB-494D-8A7F-FA87B3A57BE9}.Debug|x86.ActiveCfg = Debug|x86
		{AF1ED166-10AB-494D-8A7F-FA87B3A57BE9}.Debug|x86.Build.0 = Debug|x86
		{AF1ED166-10AB-494D-8A7F-FA87B3A57BE9}.Release|Any CPU.ActiveCfg = Release|Any CPU
		{AF1ED166-10AB-494D-8A7F-FA87B3A57BE9}.Release|Any CPU.Build.0 = Release|Any CPU
		{AF1ED166-10AB-494D-8A7F-FA87B3A57BE9}.Release|x64.ActiveCfg = Release|x64
		{AF1ED166-10AB-494D-8A7F-FA87B3A57BE9}.Release|x64.Build.0 = Release|x64
		{AF1ED166-10AB-494D-8A7F-FA87B3A57BE9}.Release|x86.ActiveCfg = Release|x86
		{AF1ED166-10AB-494D-8A7F-FA87B3A57BE9}.Release|x86.Build.0 = Release|x86
		{620AD762-193A-4C3E-A94F-00838CB069F3}.Debug|Any CPU.ActiveCfg = Debug|Any CPU
		{620AD762-193A-4C3E-A94F-00838CB069F3}.Debug|Any CPU.Build.0 = Debug|Any CPU
		{620AD762-193A-4C3E-A94F-00838CB069F3}.Debug|x64.ActiveCfg = Debug|x64
		{620AD762-193A-4C3E-A94F-00838CB069F3}.Debug|x64.Build.0 = Debug|x64
		{620AD762-193A-4C3E-A94F-00838CB069F3}.Debug|x86.ActiveCfg = Debug|x86
		{620AD762-193A-4C3E-A94F-00838CB069F3}.Debug|x86.Build.0 = Debug|x86
		{620AD762-193A-4C3E-A94F-00838CB069F3}.Release|Any CPU.ActiveCfg = Release|Any CPU
		{620AD762-193A-4C3E-A94F-00838CB069F3}.Release|Any CPU.Build.0 = Release|Any CPU
		{620AD762-193A-4C3E-A94F-00838CB069F3}.Release|x64.ActiveCfg = Release|x64
		{620AD762-193A-4C3E-A94F-00838CB069F3}.Release|x64.Build.0 = Release|x64
		{620AD762-193A-4C3E-A94F-00838CB069F3}.Release|x86.ActiveCfg = Release|x86
		{620AD762-193A-4C3E-A94F-00838CB069F3}.Release|x86.Build.0 = Release|x86
		{FCFF8876-89AE-4249-99BC-B4E8E30E36FE}.Debug|Any CPU.ActiveCfg = Debug|Any CPU
		{FCFF8876-89AE-4249-99BC-B4E8E30E36FE}.Debug|Any CPU.Build.0 = Debug|Any CPU
		{FCFF8876-89AE-4249-99BC-B4E8E30E36FE}.Debug|x64.ActiveCfg = Debug|x64
		{FCFF8876-89AE-4249-99BC-B4E8E30E36FE}.Debug|x64.Build.0 = Debug|x64
		{FCFF8876-89AE-4249-99BC-B4E8E30E36FE}.Debug|x86.ActiveCfg = Debug|x86
		{FCFF8876-89AE-4249-99BC-B4E8E30E36FE}.Debug|x86.Build.0 = Debug|x86
		{FCFF8876-89AE-4249-99BC-B4E8E30E36FE}.Release|Any CPU.ActiveCfg = Release|Any CPU
		{FCFF8876-89AE-4249-99BC-B4E8E30E36FE}.Release|Any CPU.Build.0 = Release|Any CPU
		{FCFF8876-89AE-4249-99BC-B4E8E30E36FE}.Release|x64.ActiveCfg = Release|x64
		{FCFF8876-89AE-4249-99BC-B4E8E30E36FE}.Release|x64.Build.0 = Release|x64
		{FCFF8876-89AE-4249-99BC-B4E8E30E36FE}.Release|x86.ActiveCfg = Release|x86
		{FCFF8876-89AE-4249-99BC-B4E8E30E36FE}.Release|x86.Build.0 = Release|x86
		{FB2F1720-AB3E-40F6-B4CC-95B098F9704F}.Debug|Any CPU.ActiveCfg = Debug|Any CPU
		{FB2F1720-AB3E-40F6-B4CC-95B098F9704F}.Debug|Any CPU.Build.0 = Debug|Any CPU
		{FB2F1720-AB3E-40F6-B4CC-95B098F9704F}.Debug|x64.ActiveCfg = Debug|x64
		{FB2F1720-AB3E-40F6-B4CC-95B098F9704F}.Debug|x64.Build.0 = Debug|x64
		{FB2F1720-AB3E-40F6-B4CC-95B098F9704F}.Debug|x86.ActiveCfg = Debug|x86
		{FB2F1720-AB3E-40F6-B4CC-95B098F9704F}.Debug|x86.Build.0 = Debug|x86
		{FB2F1720-AB3E-40F6-B4CC-95B098F9704F}.Release|Any CPU.ActiveCfg = Release|Any CPU
		{FB2F1720-AB3E-40F6-B4CC-95B098F9704F}.Release|Any CPU.Build.0 = Release|Any CPU
		{FB2F1720-AB3E-40F6-B4CC-95B098F9704F}.Release|x64.ActiveCfg = Release|x64
		{FB2F1720-AB3E-40F6-B4CC-95B098F9704F}.Release|x64.Build.0 = Release|x64
		{FB2F1720-AB3E-40F6-B4CC-95B098F9704F}.Release|x86.ActiveCfg = Release|x86
		{FB2F1720-AB3E-40F6-B4CC-95B098F9704F}.Release|x86.Build.0 = Release|x86
		{E5C158FE-1A9E-488A-8BF4-16BE0E3BE544}.Debug|Any CPU.ActiveCfg = Debug|Any CPU
		{E5C158FE-1A9E-488A-8BF4-16BE0E3BE544}.Debug|Any CPU.Build.0 = Debug|Any CPU
		{E5C158FE-1A9E-488A-8BF4-16BE0E3BE544}.Debug|x64.ActiveCfg = Debug|Any CPU
		{E5C158FE-1A9E-488A-8BF4-16BE0E3BE544}.Debug|x64.Build.0 = Debug|Any CPU
		{E5C158FE-1A9E-488A-8BF4-16BE0E3BE544}.Debug|x86.ActiveCfg = Debug|Any CPU
		{E5C158FE-1A9E-488A-8BF4-16BE0E3BE544}.Debug|x86.Build.0 = Debug|Any CPU
		{E5C158FE-1A9E-488A-8BF4-16BE0E3BE544}.Release|Any CPU.ActiveCfg = Release|Any CPU
		{E5C158FE-1A9E-488A-8BF4-16BE0E3BE544}.Release|Any CPU.Build.0 = Release|Any CPU
		{E5C158FE-1A9E-488A-8BF4-16BE0E3BE544}.Release|x64.ActiveCfg = Release|Any CPU
		{E5C158FE-1A9E-488A-8BF4-16BE0E3BE544}.Release|x64.Build.0 = Release|Any CPU
		{E5C158FE-1A9E-488A-8BF4-16BE0E3BE544}.Release|x86.ActiveCfg = Release|Any CPU
		{E5C158FE-1A9E-488A-8BF4-16BE0E3BE544}.Release|x86.Build.0 = Release|Any CPU
		{1C3F1B50-507C-48B1-8F1C-821D2DC76E1F}.Debug|Any CPU.ActiveCfg = Debug|Any CPU
		{1C3F1B50-507C-48B1-8F1C-821D2DC76E1F}.Debug|Any CPU.Build.0 = Debug|Any CPU
		{1C3F1B50-507C-48B1-8F1C-821D2DC76E1F}.Debug|x64.ActiveCfg = Debug|x64
		{1C3F1B50-507C-48B1-8F1C-821D2DC76E1F}.Debug|x64.Build.0 = Debug|x64
		{1C3F1B50-507C-48B1-8F1C-821D2DC76E1F}.Debug|x86.ActiveCfg = Debug|x86
		{1C3F1B50-507C-48B1-8F1C-821D2DC76E1F}.Debug|x86.Build.0 = Debug|x86
		{1C3F1B50-507C-48B1-8F1C-821D2DC76E1F}.Release|Any CPU.ActiveCfg = Release|Any CPU
		{1C3F1B50-507C-48B1-8F1C-821D2DC76E1F}.Release|Any CPU.Build.0 = Release|Any CPU
		{1C3F1B50-507C-48B1-8F1C-821D2DC76E1F}.Release|x64.ActiveCfg = Release|x64
		{1C3F1B50-507C-48B1-8F1C-821D2DC76E1F}.Release|x64.Build.0 = Release|x64
		{1C3F1B50-507C-48B1-8F1C-821D2DC76E1F}.Release|x86.ActiveCfg = Release|x86
		{1C3F1B50-507C-48B1-8F1C-821D2DC76E1F}.Release|x86.Build.0 = Release|x86
		{7A2F9720-E413-41C9-9686-FE7B012FE48D}.Debug|Any CPU.ActiveCfg = Debug|Any CPU
		{7A2F9720-E413-41C9-9686-FE7B012FE48D}.Debug|Any CPU.Build.0 = Debug|Any CPU
		{7A2F9720-E413-41C9-9686-FE7B012FE48D}.Debug|x64.ActiveCfg = Debug|Any CPU
		{7A2F9720-E413-41C9-9686-FE7B012FE48D}.Debug|x64.Build.0 = Debug|Any CPU
		{7A2F9720-E413-41C9-9686-FE7B012FE48D}.Debug|x86.ActiveCfg = Debug|Any CPU
		{7A2F9720-E413-41C9-9686-FE7B012FE48D}.Debug|x86.Build.0 = Debug|Any CPU
		{7A2F9720-E413-41C9-9686-FE7B012FE48D}.Release|Any CPU.ActiveCfg = Release|Any CPU
		{7A2F9720-E413-41C9-9686-FE7B012FE48D}.Release|Any CPU.Build.0 = Release|Any CPU
		{7A2F9720-E413-41C9-9686-FE7B012FE48D}.Release|x64.ActiveCfg = Release|Any CPU
		{7A2F9720-E413-41C9-9686-FE7B012FE48D}.Release|x64.Build.0 = Release|Any CPU
		{7A2F9720-E413-41C9-9686-FE7B012FE48D}.Release|x86.ActiveCfg = Release|Any CPU
		{7A2F9720-E413-41C9-9686-FE7B012FE48D}.Release|x86.Build.0 = Release|Any CPU
		{0C288CAB-0791-4957-8BF4-603B42404177}.Debug|Any CPU.ActiveCfg = Debug|Any CPU
		{0C288CAB-0791-4957-8BF4-603B42404177}.Debug|Any CPU.Build.0 = Debug|Any CPU
		{0C288CAB-0791-4957-8BF4-603B42404177}.Debug|x64.ActiveCfg = Debug|Any CPU
		{0C288CAB-0791-4957-8BF4-603B42404177}.Debug|x64.Build.0 = Debug|Any CPU
		{0C288CAB-0791-4957-8BF4-603B42404177}.Debug|x86.ActiveCfg = Debug|Any CPU
		{0C288CAB-0791-4957-8BF4-603B42404177}.Debug|x86.Build.0 = Debug|Any CPU
		{0C288CAB-0791-4957-8BF4-603B42404177}.Release|Any CPU.ActiveCfg = Release|Any CPU
		{0C288CAB-0791-4957-8BF4-603B42404177}.Release|Any CPU.Build.0 = Release|Any CPU
		{0C288CAB-0791-4957-8BF4-603B42404177}.Release|x64.ActiveCfg = Release|Any CPU
		{0C288CAB-0791-4957-8BF4-603B42404177}.Release|x64.Build.0 = Release|Any CPU
		{0C288CAB-0791-4957-8BF4-603B42404177}.Release|x86.ActiveCfg = Release|Any CPU
		{0C288CAB-0791-4957-8BF4-603B42404177}.Release|x86.Build.0 = Release|Any CPU
	EndGlobalSection
	GlobalSection(SolutionProperties) = preSolution
		HideSolutionNode = FALSE
	EndGlobalSection
	GlobalSection(NestedProjects) = preSolution
		{24379D70-5866-45DA-9DF1-E1182F3C8D64} = {022088E2-265A-4E81-AFC5-BAEC4F7E4CE6}
		{D69E081C-83D4-4A0F-8667-E10AAF614902} = {022088E2-265A-4E81-AFC5-BAEC4F7E4CE6}
		{FB072A68-F276-4CAC-9FE2-9BFA99A509FE} = {24379D70-5866-45DA-9DF1-E1182F3C8D64}
		{61D3B80C-4A7B-4C27-870B-A893443ACA39} = {24379D70-5866-45DA-9DF1-E1182F3C8D64}
		{8597CB2A-5ED0-4B9E-B86A-16A4795C5146} = {24379D70-5866-45DA-9DF1-E1182F3C8D64}
		{C1AEB7FA-E6F9-465F-8189-00EF56D72C6E} = {D69E081C-83D4-4A0F-8667-E10AAF614902}
		{C20C859D-FADB-4380-8107-89FE6D8F1CFD} = {D69E081C-83D4-4A0F-8667-E10AAF614902}
		{D8B6CB0B-9D06-429E-B902-F1C70925E3AD} = {D69E081C-83D4-4A0F-8667-E10AAF614902}
		{847DB819-B1AD-435D-B460-73E06303C477} = {61D3B80C-4A7B-4C27-870B-A893443ACA39}
		{35A32C1F-2570-4DB2-9EA2-9455EA724C02} = {D8B6CB0B-9D06-429E-B902-F1C70925E3AD}
		{A52C9873-4D9B-4CD1-A74C-21BEC3F5D013} = {C20C859D-FADB-4380-8107-89FE6D8F1CFD}
		{60A232E8-EBC3-4574-B6F0-92CCCAEAF503} = {022088E2-265A-4E81-AFC5-BAEC4F7E4CE6}
		{384245D7-CAE8-4E63-AFFC-922D923ECB73} = {8597CB2A-5ED0-4B9E-B86A-16A4795C5146}
		{73C6055A-2FF4-4852-B3F0-402D6EB5B8B9} = {DA12BDB9-14EE-4DE9-96E8-7C679660A1C0}
		{28AC0A0B-0FBC-41BC-920E-D48ADB98A22D} = {CFCDECEB-E43D-439A-BABA-CFA152D09A70}
		{8984CBDB-65B9-4466-A9C3-CB9174AF1403} = {7DD5F8A4-BD76-4DEA-B632-3EE41FC3D493}
		{E5C158FE-1A9E-488A-8BF4-16BE0E3BE544} = {28AC0A0B-0FBC-41BC-920E-D48ADB98A22D}
		{71BA8C8D-53BE-4C8A-A2F4-A5D17EECB57E} = {7DD5F8A4-BD76-4DEA-B632-3EE41FC3D493}
		{CDEA2F21-C919-47F6-9E6E-AD735F5C1025} = {7DD5F8A4-BD76-4DEA-B632-3EE41FC3D493}
		{345848A2-6EA8-493B-8F6D-87FC7FF1DB5B} = {CDEA2F21-C919-47F6-9E6E-AD735F5C1025}
		{AF76FE0E-2206-413F-9FC9-5297E08260EF} = {CDEA2F21-C919-47F6-9E6E-AD735F5C1025}
		{43B4ACFE-A051-4845-8C4E-65AC5909A59C} = {CDEA2F21-C919-47F6-9E6E-AD735F5C1025}
		{5AC2AD42-1811-449A-B2B8-E0A422CDCDE1} = {345848A2-6EA8-493B-8F6D-87FC7FF1DB5B}
		{E761C145-DD79-4DCB-9705-80F6F4B13F21} = {345848A2-6EA8-493B-8F6D-87FC7FF1DB5B}
		{996EA672-BAAA-40C9-A3F4-AD316689DABD} = {AF76FE0E-2206-413F-9FC9-5297E08260EF}
		{B8B55D45-8EE7-4200-9EB6-28C94CB6D2A4} = {71BA8C8D-53BE-4C8A-A2F4-A5D17EECB57E}
		{2474A9EB-3B29-468C-8429-C6209233ABEA} = {B8B55D45-8EE7-4200-9EB6-28C94CB6D2A4}
		{8036D1FD-B927-4A90-B51C-010201DED84B} = {B8B55D45-8EE7-4200-9EB6-28C94CB6D2A4}
		{04110B33-4C32-431D-8351-8242EC8E35C0} = {B8B55D45-8EE7-4200-9EB6-28C94CB6D2A4}
		{AB855C46-F61E-4A1B-8637-C5A5C5C39B22} = {04110B33-4C32-431D-8351-8242EC8E35C0}
		{4DF40A3A-8985-4DCC-8785-281A62269AA2} = {2474A9EB-3B29-468C-8429-C6209233ABEA}
		{D0071726-455F-431C-87E5-CF91D5319ADD} = {2474A9EB-3B29-468C-8429-C6209233ABEA}
		{425B5610-72D2-41D4-B005-F604D9CAEFD2} = {8984CBDB-65B9-4466-A9C3-CB9174AF1403}
		{3A24B0D4-70CE-4C77-8523-BF7FC8767381} = {425B5610-72D2-41D4-B005-F604D9CAEFD2}
		{25036FED-E5C6-4FE9-85A9-64EE6F39E828} = {3A24B0D4-70CE-4C77-8523-BF7FC8767381}
		{C1CC4D3A-8EBD-4169-BEAE-79A57A78300E} = {3A24B0D4-70CE-4C77-8523-BF7FC8767381}
		{6960D284-AC4D-4946-82E8-70AE25328564} = {425B5610-72D2-41D4-B005-F604D9CAEFD2}
		{EB61D68E-071D-4BEA-8DA4-CF15C6FECA10} = {425B5610-72D2-41D4-B005-F604D9CAEFD2}
		{824C1746-69F4-4EF8-9E56-EE098C9056D7} = {EB61D68E-071D-4BEA-8DA4-CF15C6FECA10}
		{7A2F9720-E413-41C9-9686-FE7B012FE48D} = {28AC0A0B-0FBC-41BC-920E-D48ADB98A22D}
		{0C288CAB-0791-4957-8BF4-603B42404177} = {28AC0A0B-0FBC-41BC-920E-D48ADB98A22D}
	EndGlobalSection
	GlobalSection(ExtensibilityGlobals) = postSolution
		SolutionGuid = {B74125B6-8852-4614-8584-A1593DF478BF}
	EndGlobalSection
EndGlobal
