
Microsoft Visual Studio Solution File, Format Version 12.00
# Visual Studio 14
VisualStudioVersion = 14.0.25420.1
MinimumVisualStudioVersion = 10.0.40219.1
Project("{FAE04EC0-301F-11D3-BF4B-00C04F79EFBC}") = "DjvuNet", "DjvuNet\DjvuNet.csproj", "{E681B178-E5F8-4782-89C8-F32720B1464A}"
EndProject
Project("{FAE04EC0-301F-11D3-BF4B-00C04F79EFBC}") = "DjvuNetTest", "DjvuNetTest\DjvuNetTest.csproj", "{192F4E63-6ED7-410F-A372-0B54C6CDF987}"
EndProject
Project("{FAE04EC0-301F-11D3-BF4B-00C04F79EFBC}") = "DjvuNet.Tests", "DjvuNet.Tests\DjvuNet.Tests.csproj", "{F7DDB3F7-F251-4B2E-AEEC-810118877E6F}"
EndProject
Project("{2150E333-8FDC-42A3-9474-1A3956D46DE8}") = "artifacts", "artifacts", "{DA12BDB9-14EE-4DE9-96E8-7C679660A1C0}"
	ProjectSection(SolutionItems) = preProject
		artifacts\test001C.djvu = artifacts\test001C.djvu
		artifacts\test002C.djvu = artifacts\test002C.djvu
		artifacts\test003C.djvu = artifacts\test003C.djvu
		artifacts\test004C.djvu = artifacts\test004C.djvu
		artifacts\test005C.djvu = artifacts\test005C.djvu
		artifacts\test006C.djvu = artifacts\test006C.djvu
		artifacts\test007C.djvu = artifacts\test007C.djvu
		artifacts\test008C.djvu = artifacts\test008C.djvu
		artifacts\test009C.djvu = artifacts\test009C.djvu
		artifacts\test010C.djvu = artifacts\test010C.djvu
		artifacts\test011C.djvu = artifacts\test011C.djvu
		artifacts\test012C.djvu = artifacts\test012C.djvu
		artifacts\test013C.djvu = artifacts\test013C.djvu
		artifacts\test014C.djvu = artifacts\test014C.djvu
		artifacts\test015C.djvu = artifacts\test015C.djvu
		artifacts\test016C.djvu = artifacts\test016C.djvu
		artifacts\test017C.djvu = artifacts\test017C.djvu
		artifacts\test018C.djvu = artifacts\test018C.djvu
		artifacts\test019C.djvu = artifacts\test019C.djvu
		artifacts\test020C.djvu = artifacts\test020C.djvu
		artifacts\test021C.djvu = artifacts\test021C.djvu
		artifacts\test022C.djvu = artifacts\test022C.djvu
		artifacts\test023C.djvu = artifacts\test023C.djvu
		artifacts\test024C.djvu = artifacts\test024C.djvu
		artifacts\test025C.djvu = artifacts\test025C.djvu
		artifacts\test026C.djvu = artifacts\test026C.djvu
		artifacts\test027C.djvu = artifacts\test027C.djvu
		artifacts\test028C.djvu = artifacts\test028C.djvu
		artifacts\test029C.djvu = artifacts\test029C.djvu
		artifacts\test030C.djvu = artifacts\test030C.djvu
		artifacts\test031C.djvu = artifacts\test031C.djvu
		artifacts\test032C.djvu = artifacts\test032C.djvu
		artifacts\test033C.djvu = artifacts\test033C.djvu
		artifacts\test034C.djvu = artifacts\test034C.djvu
		artifacts\test035C.djvu = artifacts\test035C.djvu
		artifacts\test036C.djvu = artifacts\test036C.djvu
		artifacts\test037C.djvu = artifacts\test037C.djvu
		artifacts\test038C.djvu = artifacts\test038C.djvu
		artifacts\test039C.djvu = artifacts\test039C.djvu
		artifacts\test040C.djvu = artifacts\test040C.djvu
		artifacts\test041C.djvu = artifacts\test041C.djvu
		artifacts\test042C.djvu = artifacts\test042C.djvu
		artifacts\test043C.djvu = artifacts\test043C.djvu
		artifacts\test044C.djvu = artifacts\test044C.djvu
		artifacts\test045C.djvu = artifacts\test045C.djvu
		artifacts\test046C.djvu = artifacts\test046C.djvu
		artifacts\test047C.djvu = artifacts\test047C.djvu
		artifacts\test048C.djvu = artifacts\test048C.djvu
		artifacts\test049C.djvu = artifacts\test049C.djvu
		artifacts\test050C.djvu = artifacts\test050C.djvu
		artifacts\test051C.djvu = artifacts\test051C.djvu
		artifacts\test052C.djvu = artifacts\test052C.djvu
		artifacts\test053C.djvu = artifacts\test053C.djvu
		artifacts\test054C.djvu = artifacts\test054C.djvu
		artifacts\test055C.djvu = artifacts\test055C.djvu
		artifacts\test056C.djvu = artifacts\test056C.djvu
		artifacts\test057C.djvu = artifacts\test057C.djvu
		artifacts\test058C.djvu = artifacts\test058C.djvu
		artifacts\test059C.djvu = artifacts\test059C.djvu
		artifacts\test060C.djvu = artifacts\test060C.djvu
		artifacts\test061C.djvu = artifacts\test061C.djvu
		artifacts\test062C.djvu = artifacts\test062C.djvu
		artifacts\test063C.djvu = artifacts\test063C.djvu
		artifacts\test064C.djvu = artifacts\test064C.djvu
		artifacts\test065C.djvu = artifacts\test065C.djvu
		artifacts\test066C.djvu = artifacts\test066C.djvu
		artifacts\test067C.djvu = artifacts\test067C.djvu
		artifacts\test068C.djvu = artifacts\test068C.djvu
		artifacts\test069C.djvu = artifacts\test069C.djvu
		artifacts\test070C.djvu = artifacts\test070C.djvu
		artifacts\test071C.djvu = artifacts\test071C.djvu
		artifacts\test072C.djvu = artifacts\test072C.djvu
		artifacts\test073C.djvu = artifacts\test073C.djvu
		artifacts\test074C.djvu = artifacts\test074C.djvu
		artifacts\test075C.djvu = artifacts\test075C.djvu
		artifacts\test076C.djvu = artifacts\test076C.djvu
		artifacts\testE001.djvu = artifacts\testE001.djvu
		artifacts\testE002.djvu = artifacts\testE002.djvu
		artifacts\testE003.djvu = artifacts\testE003.djvu
		artifacts\testE004.djvu = artifacts\testE004.djvu
		artifacts\testE005.djvu = artifacts\testE005.djvu
		artifacts\testE006.djvu = artifacts\testE006.djvu
		artifacts\testE007.djvu = artifacts\testE007.djvu
		artifacts\testE008.djvu = artifacts\testE008.djvu
		artifacts\testE009.djvu = artifacts\testE009.djvu
		artifacts\testE010.djvu = artifacts\testE010.djvu
		artifacts\testE011.djvu = artifacts\testE011.djvu
		artifacts\testE012.djvu = artifacts\testE012.djvu
	EndProjectSection
EndProject
Project("{2150E333-8FDC-42A3-9474-1A3956D46DE8}") = "Templates", "Templates", "{79CE4EAD-3414-4E10-B9B0-F0BF675DF9D6}"
	ProjectSection(SolutionItems) = preProject
		Templates\AssemblyInfoCommon.Template.cs = Templates\AssemblyInfoCommon.Template.cs
		Templates\UtilRoot.Template.cs = Templates\UtilRoot.Template.cs
	EndProjectSection
EndProject
Project("{2150E333-8FDC-42A3-9474-1A3956D46DE8}") = "Tools", "Tools", "{7DD5F8A4-BD76-4DEA-B632-3EE41FC3D493}"
	ProjectSection(SolutionItems) = preProject
		Tools\nuget.exe = Tools\nuget.exe
	EndProjectSection
EndProject
Project("{D954291E-2A0B-460D-934E-DC6B0785DB48}") = "DjvuNet.Shared.Tests", "DjvuNet.Shared.Tests\DjvuNet.Shared.Tests.shproj", "{B7EF5575-5932-4EA7-B250-E7DA238D60A9}"
EndProject
Project("{FAE04EC0-301F-11D3-BF4B-00C04F79EFBC}") = "DjvuNet.Helper.Tests", "DjvuNet.Helper.Tests\DjvuNet.Helper.Tests.csproj", "{4FEC9875-D7E6-47BD-A13A-5C1944464545}"
EndProject
Project("{2150E333-8FDC-42A3-9474-1A3956D46DE8}") = "Solution Items", "Solution Items", "{508EA7BC-4576-4C24-877B-7D7EE4369DA0}"
	ProjectSection(SolutionItems) = preProject
		.appveyor.yml = .appveyor.yml
		.gitattributes = .gitattributes
		.gitignore = .gitignore
		BUILD.bat = BUILD.bat
		DjvuNetBuild.props = DjvuNetBuild.props
		DjvuNetBuild.targets = DjvuNetBuild.targets
		library.version = library.version
		..\LICENSE.md = ..\LICENSE.md
		README.md = README.md
		Snk.snk = Snk.snk
	EndProjectSection
EndProject
Project("{F5034706-568F-408A-B7B3-4D38C6DB8A32}") = "DjvuNet.Build", "DjvuNet.Build\DjvuNet.Build.pssproj", "{6CAFC0C6-A428-4D30-A9F9-700E829FEA51}"
EndProject
Project("{D954291E-2A0B-460D-934E-DC6B0785DB48}") = "DjvuNet.Shared", "DjvuNet.Shared\DjvuNet.Shared.shproj", "{61B8CB33-F13A-4309-A137-895017B28E31}"
EndProject
Project("{FAE04EC0-301F-11D3-BF4B-00C04F79EFBC}") = "DjvuNet.DjvuLibre", "DjvuNet.DjvuLibre\DjvuNet.DjvuLibre.csproj", "{9B255F5A-716A-4A26-A140-525FDE3FA8F7}"
EndProject
Project("{FAE04EC0-301F-11D3-BF4B-00C04F79EFBC}") = "DjvuNet.DjvuLibre.Tests", "DjvuNet.DjvuLibre.Tests\DjvuNet.DjvuLibre.Tests.csproj", "{EC13A71D-DEC3-4597-AEE1-38C4C40F6650}"
EndProject
Global
	GlobalSection(SharedMSBuildProjectFiles) = preSolution
		DjvuNet.Shared.Tests\DjvuNet.Shared.Tests.projitems*{4fec9875-d7e6-47bd-a13a-5c1944464545}*SharedItemsImports = 4
		DjvuNet.Shared\DjvuNet.Shared.projitems*{61b8cb33-f13a-4309-a137-895017b28e31}*SharedItemsImports = 13
		DjvuNet.Shared\DjvuNet.Shared.projitems*{9b255f5a-716a-4a26-a140-525fde3fa8f7}*SharedItemsImports = 4
		DjvuNet.Shared.Tests\DjvuNet.Shared.Tests.projitems*{b7ef5575-5932-4ea7-b250-e7da238d60a9}*SharedItemsImports = 13
		DjvuNet.Shared\DjvuNet.Shared.projitems*{e681b178-e5f8-4782-89c8-f32720b1464a}*SharedItemsImports = 4
	EndGlobalSection
	GlobalSection(SolutionConfigurationPlatforms) = preSolution
		Debug|Any CPU = Debug|Any CPU
		Debug|x64 = Debug|x64
		Debug|x86 = Debug|x86
		Release|Any CPU = Release|Any CPU
		Release|x64 = Release|x64
		Release|x86 = Release|x86
	EndGlobalSection
	GlobalSection(ProjectConfigurationPlatforms) = postSolution
		{E681B178-E5F8-4782-89C8-F32720B1464A}.Debug|Any CPU.ActiveCfg = Debug|Any CPU
		{E681B178-E5F8-4782-89C8-F32720B1464A}.Debug|Any CPU.Build.0 = Debug|Any CPU
		{E681B178-E5F8-4782-89C8-F32720B1464A}.Debug|x64.ActiveCfg = Debug|x64
		{E681B178-E5F8-4782-89C8-F32720B1464A}.Debug|x64.Build.0 = Debug|x64
		{E681B178-E5F8-4782-89C8-F32720B1464A}.Debug|x86.ActiveCfg = Debug|Any CPU
		{E681B178-E5F8-4782-89C8-F32720B1464A}.Debug|x86.Build.0 = Debug|Any CPU
		{E681B178-E5F8-4782-89C8-F32720B1464A}.Release|Any CPU.ActiveCfg = Release|Any CPU
		{E681B178-E5F8-4782-89C8-F32720B1464A}.Release|Any CPU.Build.0 = Release|Any CPU
		{E681B178-E5F8-4782-89C8-F32720B1464A}.Release|x64.ActiveCfg = Release|x64
		{E681B178-E5F8-4782-89C8-F32720B1464A}.Release|x64.Build.0 = Release|x64
		{E681B178-E5F8-4782-89C8-F32720B1464A}.Release|x86.ActiveCfg = Release|x86
		{E681B178-E5F8-4782-89C8-F32720B1464A}.Release|x86.Build.0 = Release|x86
		{192F4E63-6ED7-410F-A372-0B54C6CDF987}.Debug|Any CPU.ActiveCfg = Debug|Any CPU
		{192F4E63-6ED7-410F-A372-0B54C6CDF987}.Debug|Any CPU.Build.0 = Debug|Any CPU
		{192F4E63-6ED7-410F-A372-0B54C6CDF987}.Debug|x64.ActiveCfg = Debug|x64
		{192F4E63-6ED7-410F-A372-0B54C6CDF987}.Debug|x64.Build.0 = Debug|x64
		{192F4E63-6ED7-410F-A372-0B54C6CDF987}.Debug|x86.ActiveCfg = Debug|Any CPU
		{192F4E63-6ED7-410F-A372-0B54C6CDF987}.Debug|x86.Build.0 = Debug|Any CPU
		{192F4E63-6ED7-410F-A372-0B54C6CDF987}.Release|Any CPU.ActiveCfg = Release|Any CPU
		{192F4E63-6ED7-410F-A372-0B54C6CDF987}.Release|Any CPU.Build.0 = Release|Any CPU
		{192F4E63-6ED7-410F-A372-0B54C6CDF987}.Release|x64.ActiveCfg = Release|x64
		{192F4E63-6ED7-410F-A372-0B54C6CDF987}.Release|x64.Build.0 = Release|x64
		{192F4E63-6ED7-410F-A372-0B54C6CDF987}.Release|x86.ActiveCfg = Release|x86
		{192F4E63-6ED7-410F-A372-0B54C6CDF987}.Release|x86.Build.0 = Release|x86
		{F7DDB3F7-F251-4B2E-AEEC-810118877E6F}.Debug|Any CPU.ActiveCfg = Debug|Any CPU
		{F7DDB3F7-F251-4B2E-AEEC-810118877E6F}.Debug|Any CPU.Build.0 = Debug|Any CPU
		{F7DDB3F7-F251-4B2E-AEEC-810118877E6F}.Debug|x64.ActiveCfg = Debug|x64
		{F7DDB3F7-F251-4B2E-AEEC-810118877E6F}.Debug|x64.Build.0 = Debug|x64
		{F7DDB3F7-F251-4B2E-AEEC-810118877E6F}.Debug|x86.ActiveCfg = Debug|Any CPU
		{F7DDB3F7-F251-4B2E-AEEC-810118877E6F}.Debug|x86.Build.0 = Debug|Any CPU
		{F7DDB3F7-F251-4B2E-AEEC-810118877E6F}.Release|Any CPU.ActiveCfg = Release|Any CPU
		{F7DDB3F7-F251-4B2E-AEEC-810118877E6F}.Release|Any CPU.Build.0 = Release|Any CPU
		{F7DDB3F7-F251-4B2E-AEEC-810118877E6F}.Release|x64.ActiveCfg = Release|x64
		{F7DDB3F7-F251-4B2E-AEEC-810118877E6F}.Release|x64.Build.0 = Release|x64
		{F7DDB3F7-F251-4B2E-AEEC-810118877E6F}.Release|x86.ActiveCfg = Release|x86
		{F7DDB3F7-F251-4B2E-AEEC-810118877E6F}.Release|x86.Build.0 = Release|x86
		{4FEC9875-D7E6-47BD-A13A-5C1944464545}.Debug|Any CPU.ActiveCfg = Debug|Any CPU
		{4FEC9875-D7E6-47BD-A13A-5C1944464545}.Debug|Any CPU.Build.0 = Debug|Any CPU
		{4FEC9875-D7E6-47BD-A13A-5C1944464545}.Debug|x64.ActiveCfg = Debug|x64
		{4FEC9875-D7E6-47BD-A13A-5C1944464545}.Debug|x64.Build.0 = Debug|x64
		{4FEC9875-D7E6-47BD-A13A-5C1944464545}.Debug|x86.ActiveCfg = Debug|x86
		{4FEC9875-D7E6-47BD-A13A-5C1944464545}.Debug|x86.Build.0 = Debug|x86
		{4FEC9875-D7E6-47BD-A13A-5C1944464545}.Release|Any CPU.ActiveCfg = Release|Any CPU
		{4FEC9875-D7E6-47BD-A13A-5C1944464545}.Release|Any CPU.Build.0 = Release|Any CPU
		{4FEC9875-D7E6-47BD-A13A-5C1944464545}.Release|x64.ActiveCfg = Release|x64
		{4FEC9875-D7E6-47BD-A13A-5C1944464545}.Release|x64.Build.0 = Release|x64
		{4FEC9875-D7E6-47BD-A13A-5C1944464545}.Release|x86.ActiveCfg = Release|x86
		{4FEC9875-D7E6-47BD-A13A-5C1944464545}.Release|x86.Build.0 = Release|x86
		{6CAFC0C6-A428-4D30-A9F9-700E829FEA51}.Debug|Any CPU.ActiveCfg = Debug|Any CPU
		{6CAFC0C6-A428-4D30-A9F9-700E829FEA51}.Debug|Any CPU.Build.0 = Debug|Any CPU
		{6CAFC0C6-A428-4D30-A9F9-700E829FEA51}.Debug|x64.ActiveCfg = Debug|Any CPU
		{6CAFC0C6-A428-4D30-A9F9-700E829FEA51}.Debug|x64.Build.0 = Debug|Any CPU
		{6CAFC0C6-A428-4D30-A9F9-700E829FEA51}.Debug|x86.ActiveCfg = Debug|Any CPU
		{6CAFC0C6-A428-4D30-A9F9-700E829FEA51}.Debug|x86.Build.0 = Debug|Any CPU
		{6CAFC0C6-A428-4D30-A9F9-700E829FEA51}.Release|Any CPU.ActiveCfg = Release|Any CPU
		{6CAFC0C6-A428-4D30-A9F9-700E829FEA51}.Release|Any CPU.Build.0 = Release|Any CPU
		{6CAFC0C6-A428-4D30-A9F9-700E829FEA51}.Release|x64.ActiveCfg = Release|Any CPU
		{6CAFC0C6-A428-4D30-A9F9-700E829FEA51}.Release|x64.Build.0 = Release|Any CPU
		{6CAFC0C6-A428-4D30-A9F9-700E829FEA51}.Release|x86.ActiveCfg = Release|Any CPU
		{6CAFC0C6-A428-4D30-A9F9-700E829FEA51}.Release|x86.Build.0 = Release|Any CPU
		{9B255F5A-716A-4A26-A140-525FDE3FA8F7}.Debug|Any CPU.ActiveCfg = Debug|Any CPU
		{9B255F5A-716A-4A26-A140-525FDE3FA8F7}.Debug|Any CPU.Build.0 = Debug|Any CPU
		{9B255F5A-716A-4A26-A140-525FDE3FA8F7}.Debug|x64.ActiveCfg = Debug|Any CPU
		{9B255F5A-716A-4A26-A140-525FDE3FA8F7}.Debug|x64.Build.0 = Debug|Any CPU
		{9B255F5A-716A-4A26-A140-525FDE3FA8F7}.Debug|x86.ActiveCfg = Debug|Any CPU
		{9B255F5A-716A-4A26-A140-525FDE3FA8F7}.Debug|x86.Build.0 = Debug|Any CPU
		{9B255F5A-716A-4A26-A140-525FDE3FA8F7}.Release|Any CPU.ActiveCfg = Release|Any CPU
		{9B255F5A-716A-4A26-A140-525FDE3FA8F7}.Release|Any CPU.Build.0 = Release|Any CPU
		{9B255F5A-716A-4A26-A140-525FDE3FA8F7}.Release|x64.ActiveCfg = Release|Any CPU
		{9B255F5A-716A-4A26-A140-525FDE3FA8F7}.Release|x64.Build.0 = Release|Any CPU
		{9B255F5A-716A-4A26-A140-525FDE3FA8F7}.Release|x86.ActiveCfg = Release|Any CPU
		{9B255F5A-716A-4A26-A140-525FDE3FA8F7}.Release|x86.Build.0 = Release|Any CPU
		{EC13A71D-DEC3-4597-AEE1-38C4C40F6650}.Debug|Any CPU.ActiveCfg = Debug|Any CPU
		{EC13A71D-DEC3-4597-AEE1-38C4C40F6650}.Debug|Any CPU.Build.0 = Debug|Any CPU
		{EC13A71D-DEC3-4597-AEE1-38C4C40F6650}.Debug|x64.ActiveCfg = Debug|Any CPU
		{EC13A71D-DEC3-4597-AEE1-38C4C40F6650}.Debug|x64.Build.0 = Debug|Any CPU
		{EC13A71D-DEC3-4597-AEE1-38C4C40F6650}.Debug|x86.ActiveCfg = Debug|Any CPU
		{EC13A71D-DEC3-4597-AEE1-38C4C40F6650}.Debug|x86.Build.0 = Debug|Any CPU
		{EC13A71D-DEC3-4597-AEE1-38C4C40F6650}.Release|Any CPU.ActiveCfg = Release|Any CPU
		{EC13A71D-DEC3-4597-AEE1-38C4C40F6650}.Release|Any CPU.Build.0 = Release|Any CPU
		{EC13A71D-DEC3-4597-AEE1-38C4C40F6650}.Release|x64.ActiveCfg = Release|Any CPU
		{EC13A71D-DEC3-4597-AEE1-38C4C40F6650}.Release|x64.Build.0 = Release|Any CPU
		{EC13A71D-DEC3-4597-AEE1-38C4C40F6650}.Release|x86.ActiveCfg = Release|Any CPU
		{EC13A71D-DEC3-4597-AEE1-38C4C40F6650}.Release|x86.Build.0 = Release|Any CPU
	EndGlobalSection
	GlobalSection(SolutionProperties) = preSolution
		HideSolutionNode = FALSE
	EndGlobalSection
EndGlobal
